// !$*UTF8*$!
{
	archiveVersion = 1;
	classes = {
	};
	objectVersion = 46;
	objects = {

/* Begin PBXBuildFile section */
		C4075A5E19B6CFBB00EEF857 /* DemoTeacher.m in Sources */ = {isa = PBXBuildFile; fileRef = C4075A5D19B6CFBB00EEF857 /* DemoTeacher.m */; };
		C4075A6119B6D23700EEF857 /* DemoTeacher+CheckProgress.m in Sources */ = {isa = PBXBuildFile; fileRef = C4075A6019B6D23700EEF857 /* DemoTeacher+CheckProgress.m */; };
		C4075A6419B78EAF00EEF857 /* BouncingPencil.m in Sources */ = {isa = PBXBuildFile; fileRef = C4075A6319B78EAF00EEF857 /* BouncingPencil.m */; };
		C4075A6719B9954100EEF857 /* DemoStudent.m in Sources */ = {isa = PBXBuildFile; fileRef = C4075A6619B9954100EEF857 /* DemoStudent.m */; };
		C4075A6A19B9957300EEF857 /* DemoStudent+CheckProgress.m in Sources */ = {isa = PBXBuildFile; fileRef = C4075A6919B9957300EEF857 /* DemoStudent+CheckProgress.m */; };
		C4095F0819A92A2B0076CBC3 /* Economy.m in Sources */ = {isa = PBXBuildFile; fileRef = C4095F0719A92A2B0076CBC3 /* Economy.m */; };
		C4095F0C19A99A760076CBC3 /* EraserRegular.ttf in Resources */ = {isa = PBXBuildFile; fileRef = C4095F0B19A99A760076CBC3 /* EraserRegular.ttf */; };
		C4095F0F19A99C030076CBC3 /* PieChartViewController.m in Sources */ = {isa = PBXBuildFile; fileRef = C4095F0E19A99C030076CBC3 /* PieChartViewController.m */; };
		C4095F1219A99FAC0076CBC3 /* XYPieChart.m in Sources */ = {isa = PBXBuildFile; fileRef = C4095F1119A99FAC0076CBC3 /* XYPieChart.m */; };
		C4095F1619AD0C820076CBC3 /* DemoClassViewController.m in Sources */ = {isa = PBXBuildFile; fileRef = C4095F1519AD0C820076CBC3 /* DemoClassViewController.m */; };
		C4095F1A19AD0D0F0076CBC3 /* TutorialViewController.m in Sources */ = {isa = PBXBuildFile; fileRef = C4095F1919AD0D0F0076CBC3 /* TutorialViewController.m */; };
		C4095F1D19AD13200076CBC3 /* IntroPageContentViewController.m in Sources */ = {isa = PBXBuildFile; fileRef = C4095F1C19AD13200076CBC3 /* IntroPageContentViewController.m */; };
		C4095F2619AD53750076CBC3 /* DemoData.xcdatamodeld in Sources */ = {isa = PBXBuildFile; fileRef = C4095F2419AD53750076CBC3 /* DemoData.xcdatamodeld */; };
		C4095F2F19AD746F0076CBC3 /* DemoStudentObject+CreateClassList.m in Sources */ = {isa = PBXBuildFile; fileRef = C4095F2E19AD746F0076CBC3 /* DemoStudentObject+CreateClassList.m */; };
		C4095F3219AD74930076CBC3 /* DemoTeacherObject+CreateTeacher.m in Sources */ = {isa = PBXBuildFile; fileRef = C4095F3119AD74930076CBC3 /* DemoTeacherObject+CreateTeacher.m */; };
		C4095F3819AD75590076CBC3 /* DemoClassObject.m in Sources */ = {isa = PBXBuildFile; fileRef = C4095F3719AD75590076CBC3 /* DemoClassObject.m */; };
		C4095F3B19AD756D0076CBC3 /* DemoClassObject+CreateClass.m in Sources */ = {isa = PBXBuildFile; fileRef = C4095F3A19AD756D0076CBC3 /* DemoClassObject+CreateClass.m */; };
		C4095F4119AD76DC0076CBC3 /* DemoTeacherObject.m in Sources */ = {isa = PBXBuildFile; fileRef = C4095F4019AD76DC0076CBC3 /* DemoTeacherObject.m */; };
		C4095F5019AD795D0076CBC3 /* DemoEconomy+CreateEconomy.m in Sources */ = {isa = PBXBuildFile; fileRef = C4095F4F19AD795D0076CBC3 /* DemoEconomy+CreateEconomy.m */; };
		C40A5E67195B457000ABB85A /* StudentGroupViewController.m in Sources */ = {isa = PBXBuildFile; fileRef = C40A5E66195B457000ABB85A /* StudentGroupViewController.m */; };
		C41D5DFA19A4508100189983 /* GroupMoreViewController.m in Sources */ = {isa = PBXBuildFile; fileRef = C41D5DF919A4508100189983 /* GroupMoreViewController.m */; };
		C42135EF19AE363600462913 /* DemoStoreViewController.m in Sources */ = {isa = PBXBuildFile; fileRef = C42135EE19AE363600462913 /* DemoStoreViewController.m */; };
		C42135F219AE36BA00462913 /* DemoAnnounceViewController.m in Sources */ = {isa = PBXBuildFile; fileRef = C42135F119AE36BA00462913 /* DemoAnnounceViewController.m */; };
		C42135F819AE71FB00462913 /* DemoPieViewController.m in Sources */ = {isa = PBXBuildFile; fileRef = C42135F719AE71FB00462913 /* DemoPieViewController.m */; };
		C42135FB19AE734200462913 /* DemoEconomy.m in Sources */ = {isa = PBXBuildFile; fileRef = C42135FA19AE734200462913 /* DemoEconomy.m */; };
		C421360119AE803B00462913 /* DemoStoreObject+CreateStore.m in Sources */ = {isa = PBXBuildFile; fileRef = C421360019AE803B00462913 /* DemoStoreObject+CreateStore.m */; };
		C421360519AE85E100462913 /* DemoBuyItemsViewController.m in Sources */ = {isa = PBXBuildFile; fileRef = C421360419AE85E100462913 /* DemoBuyItemsViewController.m */; };
		C421360819AE960000462913 /* DemoAddStoreViewController.m in Sources */ = {isa = PBXBuildFile; fileRef = C421360719AE960000462913 /* DemoAddStoreViewController.m */; };
		C421361119AEB70600462913 /* DemoBroadcast+CreateBroadcast.m in Sources */ = {isa = PBXBuildFile; fileRef = C421361019AEB70600462913 /* DemoBroadcast+CreateBroadcast.m */; };
		C421361419AEC72F00462913 /* DemoBroadcast.m in Sources */ = {isa = PBXBuildFile; fileRef = C421361319AEC72F00462913 /* DemoBroadcast.m */; };
		C421361719AEDBC400462913 /* DemoMoreBroadViewController.m in Sources */ = {isa = PBXBuildFile; fileRef = C421361619AEDBC400462913 /* DemoMoreBroadViewController.m */; };
		C421361A19AEEE4200462913 /* DemoEndViewController.m in Sources */ = {isa = PBXBuildFile; fileRef = C421361919AEEE4200462913 /* DemoEndViewController.m */; };
		C421361D19AF801A00462913 /* DemoAddStudentsViewController.m in Sources */ = {isa = PBXBuildFile; fileRef = C421361C19AF801A00462913 /* DemoAddStudentsViewController.m */; };
		C421361F19AFA68A00462913 /* TravelingTypewriter.ttf in Resources */ = {isa = PBXBuildFile; fileRef = C421361E19AFA68A00462913 /* TravelingTypewriter.ttf */; };
		C421362219B0259E00462913 /* DemoAccountViewController.m in Sources */ = {isa = PBXBuildFile; fileRef = C421362119B0259E00462913 /* DemoAccountViewController.m */; };
		C421362519B02DD100462913 /* DemoStudentObject.m in Sources */ = {isa = PBXBuildFile; fileRef = C421362419B02DD100462913 /* DemoStudentObject.m */; };
		C42D3CA01C7BDC53005047F9 /* MyUser.m in Sources */ = {isa = PBXBuildFile; fileRef = C42D3C9F1C7BDC53005047F9 /* MyUser.m */; };
		C435F87C1948121A0021C365 /* StudentObject.m in Sources */ = {isa = PBXBuildFile; fileRef = C435F87B1948121A0021C365 /* StudentObject.m */; };
		C435F87F1949475D0021C365 /* Reachability+Methods.m in Sources */ = {isa = PBXBuildFile; fileRef = C435F87E1949475D0021C365 /* Reachability+Methods.m */; };
		C435F8FB194B78B80021C365 /* AddStoreViewController.m in Sources */ = {isa = PBXBuildFile; fileRef = C435F8FA194B78B80021C365 /* AddStoreViewController.m */; };
		C440C93319369FC300C95FAA /* ClassObject+CreateClass.m in Sources */ = {isa = PBXBuildFile; fileRef = C440C93219369FC300C95FAA /* ClassObject+CreateClass.m */; };
		C440C9361936A4AA00C95FAA /* TeacherObject+CreateTeacher.m in Sources */ = {isa = PBXBuildFile; fileRef = C440C9351936A4AA00C95FAA /* TeacherObject+CreateTeacher.m */; };
		C4514C87190C5C1B00424D23 /* Sketch College.ttf in Resources */ = {isa = PBXBuildFile; fileRef = C4514C86190C5C1B00424D23 /* Sketch College.ttf */; };
		C4514C8A19116C2300424D23 /* UIImage+ImageEffects.m in Sources */ = {isa = PBXBuildFile; fileRef = C4514C8919116C2300424D23 /* UIImage+ImageEffects.m */; };
		C4514C8D1911B62E00424D23 /* RestartCoinsViewController.m in Sources */ = {isa = PBXBuildFile; fileRef = C4514C8C1911B62E00424D23 /* RestartCoinsViewController.m */; };
		C455336C18F49EBA00520B99 /* Foundation.framework in Frameworks */ = {isa = PBXBuildFile; fileRef = C455336B18F49EBA00520B99 /* Foundation.framework */; };
		C455336E18F49EBA00520B99 /* CoreGraphics.framework in Frameworks */ = {isa = PBXBuildFile; fileRef = C455336D18F49EBA00520B99 /* CoreGraphics.framework */; };
		C455337018F49EBA00520B99 /* UIKit.framework in Frameworks */ = {isa = PBXBuildFile; fileRef = C455336F18F49EBA00520B99 /* UIKit.framework */; };
		C455337618F49EBA00520B99 /* InfoPlist.strings in Resources */ = {isa = PBXBuildFile; fileRef = C455337418F49EBA00520B99 /* InfoPlist.strings */; };
		C455337818F49EBA00520B99 /* main.m in Sources */ = {isa = PBXBuildFile; fileRef = C455337718F49EBA00520B99 /* main.m */; };
		C455337C18F49EBA00520B99 /* AppDelegate.m in Sources */ = {isa = PBXBuildFile; fileRef = C455337B18F49EBA00520B99 /* AppDelegate.m */; };
		C455338B18F49EBA00520B99 /* XCTest.framework in Frameworks */ = {isa = PBXBuildFile; fileRef = C455338A18F49EBA00520B99 /* XCTest.framework */; };
		C455338C18F49EBA00520B99 /* Foundation.framework in Frameworks */ = {isa = PBXBuildFile; fileRef = C455336B18F49EBA00520B99 /* Foundation.framework */; };
		C455338D18F49EBA00520B99 /* UIKit.framework in Frameworks */ = {isa = PBXBuildFile; fileRef = C455336F18F49EBA00520B99 /* UIKit.framework */; };
		C455339518F49EBA00520B99 /* InfoPlist.strings in Resources */ = {isa = PBXBuildFile; fileRef = C455339318F49EBA00520B99 /* InfoPlist.strings */; };
		C455339718F49EBA00520B99 /* PrimoTests.m in Sources */ = {isa = PBXBuildFile; fileRef = C455339618F49EBA00520B99 /* PrimoTests.m */; };
		C45533A118F49F2D00520B99 /* AudioToolbox.framework in Frameworks */ = {isa = PBXBuildFile; fileRef = C45533A018F49F2D00520B99 /* AudioToolbox.framework */; };
		C45533A318F49F3200520B99 /* CFNetwork.framework in Frameworks */ = {isa = PBXBuildFile; fileRef = C45533A218F49F3200520B99 /* CFNetwork.framework */; };
		C45533A518F49F4000520B99 /* CoreLocation.framework in Frameworks */ = {isa = PBXBuildFile; fileRef = C45533A418F49F4000520B99 /* CoreLocation.framework */; };
		C45533A718F49F4900520B99 /* libz.dylib in Frameworks */ = {isa = PBXBuildFile; fileRef = C45533A618F49F4900520B99 /* libz.dylib */; };
		C45533A918F49F4F00520B99 /* MobileCoreServices.framework in Frameworks */ = {isa = PBXBuildFile; fileRef = C45533A818F49F4F00520B99 /* MobileCoreServices.framework */; };
		C45533AB18F49F5400520B99 /* QuartzCore.framework in Frameworks */ = {isa = PBXBuildFile; fileRef = C45533AA18F49F5400520B99 /* QuartzCore.framework */; };
		C45533AD18F49F5A00520B99 /* Security.framework in Frameworks */ = {isa = PBXBuildFile; fileRef = C45533AC18F49F5A00520B99 /* Security.framework */; };
		C45533B118F49F6700520B99 /* SystemConfiguration.framework in Frameworks */ = {isa = PBXBuildFile; fileRef = C45533B018F49F6700520B99 /* SystemConfiguration.framework */; };
		C45533BF18F4A04E00520B99 /* AccountViewController.m in Sources */ = {isa = PBXBuildFile; fileRef = C45533BC18F4A04E00520B99 /* AccountViewController.m */; };
		C45533C018F4A04E00520B99 /* AddViewController.m in Sources */ = {isa = PBXBuildFile; fileRef = C45533BE18F4A04E00520B99 /* AddViewController.m */; };
		C45533D318F4A06500520B99 /* BuyItemsViewController.m in Sources */ = {isa = PBXBuildFile; fileRef = C45533C218F4A06500520B99 /* BuyItemsViewController.m */; };
		C45533D418F4A06500520B99 /* BuyStudentView.m in Sources */ = {isa = PBXBuildFile; fileRef = C45533C418F4A06500520B99 /* BuyStudentView.m */; };
		C45533D518F4A06500520B99 /* ClassMenuView.m in Sources */ = {isa = PBXBuildFile; fileRef = C45533C618F4A06500520B99 /* ClassMenuView.m */; };
		C45533D618F4A06500520B99 /* ClassNameView.m in Sources */ = {isa = PBXBuildFile; fileRef = C45533C818F4A06500520B99 /* ClassNameView.m */; };
		C45533D718F4A06500520B99 /* ClassRegViewController.m in Sources */ = {isa = PBXBuildFile; fileRef = C45533CA18F4A06500520B99 /* ClassRegViewController.m */; };
		C45533D818F4A06500520B99 /* ClassTableViewController.m in Sources */ = {isa = PBXBuildFile; fileRef = C45533CC18F4A06500520B99 /* ClassTableViewController.m */; };
		C45533D918F4A06500520B99 /* Reachability.m in Sources */ = {isa = PBXBuildFile; fileRef = C45533CE18F4A06500520B99 /* Reachability.m */; };
		C45533DB18F4A06500520B99 /* EditStoreViewController.m in Sources */ = {isa = PBXBuildFile; fileRef = C45533D218F4A06500520B99 /* EditStoreViewController.m */; };
		C45533E218F4A07E00520B99 /* IntroViewController.m in Sources */ = {isa = PBXBuildFile; fileRef = C45533DD18F4A07E00520B99 /* IntroViewController.m */; };
		C45533E418F4A07E00520B99 /* LoginViewController.m in Sources */ = {isa = PBXBuildFile; fileRef = C45533E118F4A07E00520B99 /* LoginViewController.m */; };
		C455340018F4A0BE00520B99 /* TeacherInfoViewController.m in Sources */ = {isa = PBXBuildFile; fileRef = C45533E918F4A0BE00520B99 /* TeacherInfoViewController.m */; };
		C455340118F4A0BE00520B99 /* manageCoinView.m in Sources */ = {isa = PBXBuildFile; fileRef = C45533EB18F4A0BE00520B99 /* manageCoinView.m */; };
		C455340218F4A0BE00520B99 /* MonthLogViewController.m in Sources */ = {isa = PBXBuildFile; fileRef = C45533ED18F4A0BE00520B99 /* MonthLogViewController.m */; };
		C455340318F4A0BE00520B99 /* moreViewController.m in Sources */ = {isa = PBXBuildFile; fileRef = C45533EF18F4A0BE00520B99 /* moreViewController.m */; };
		C455340518F4A0BE00520B99 /* RegisterViewController.m in Sources */ = {isa = PBXBuildFile; fileRef = C45533F318F4A0BE00520B99 /* RegisterViewController.m */; };
		C455340718F4A0BE00520B99 /* SettingsViewController.m in Sources */ = {isa = PBXBuildFile; fileRef = C45533F718F4A0BE00520B99 /* SettingsViewController.m */; };
		C455340818F4A0BE00520B99 /* LogViewController.m in Sources */ = {isa = PBXBuildFile; fileRef = C45533F918F4A0BE00520B99 /* LogViewController.m */; };
		C455340B18F4A0BE00520B99 /* StudentsViewController.m in Sources */ = {isa = PBXBuildFile; fileRef = C45533FF18F4A0BE00520B99 /* StudentsViewController.m */; };
		C455340E18F4A0D500520B99 /* TeacherStoreViewController.m in Sources */ = {isa = PBXBuildFile; fileRef = C455340D18F4A0D500520B99 /* TeacherStoreViewController.m */; };
		C455341118F4A0FE00520B99 /* MenuTable.m in Sources */ = {isa = PBXBuildFile; fileRef = C455341018F4A0FE00520B99 /* MenuTable.m */; };
		C455341318F4A42300520B99 /* Images.xcassets in Resources */ = {isa = PBXBuildFile; fileRef = C455341218F4A42300520B99 /* Images.xcassets */; };
		C455341618F4BB8900520B99 /* NavigationViewController.m in Sources */ = {isa = PBXBuildFile; fileRef = C455341518F4BB8900520B99 /* NavigationViewController.m */; };
		C468245918F4D5CB00F48F03 /* TabViewController.m in Sources */ = {isa = PBXBuildFile; fileRef = C468245818F4D5CB00F48F03 /* TabViewController.m */; };
		C468A4F8199B17BB009C9FB2 /* AddGroupViewController.m in Sources */ = {isa = PBXBuildFile; fileRef = C468A4F7199B17BB009C9FB2 /* AddGroupViewController.m */; };
		C47834CA1939552C006228A2 /* LogWebService.m in Sources */ = {isa = PBXBuildFile; fileRef = C47834C91939552C006228A2 /* LogWebService.m */; };
		C47834D9193C15D2006228A2 /* TeacherObject.m in Sources */ = {isa = PBXBuildFile; fileRef = C47834D8193C15D2006228A2 /* TeacherObject.m */; };
		C47834DC193C15F3006228A2 /* ClassObject.m in Sources */ = {isa = PBXBuildFile; fileRef = C47834DB193C15F3006228A2 /* ClassObject.m */; };
		C488F79419213E6300DD0E9F /* MessageUI.framework in Frameworks */ = {isa = PBXBuildFile; fileRef = C488F79319213E6300DD0E9F /* MessageUI.framework */; };
		C488F7971921C96900DD0E9F /* AnnouncementObject.m in Sources */ = {isa = PBXBuildFile; fileRef = C488F7961921C96900DD0E9F /* AnnouncementObject.m */; };
		C48FC10B1937F937000175AD /* UpdateWebService.m in Sources */ = {isa = PBXBuildFile; fileRef = C48FC10A1937F937000175AD /* UpdateWebService.m */; };
		C49AD89A193535AD003A96EB /* CoreData.framework in Frameworks */ = {isa = PBXBuildFile; fileRef = C49AD899193535AD003A96EB /* CoreData.framework */; };
		C49AD89D1935367B003A96EB /* PrimoData.xcdatamodeld in Sources */ = {isa = PBXBuildFile; fileRef = C49AD89B1935367B003A96EB /* PrimoData.xcdatamodeld */; };
		C49AD98719367C4C003A96EB /* StudentObject+CreateClassList.m in Sources */ = {isa = PBXBuildFile; fileRef = C49AD98619367C4C003A96EB /* StudentObject+CreateClassList.m */; };
		C49D454A193EAFD60098552A /* SettingsMoreViewController.m in Sources */ = {isa = PBXBuildFile; fileRef = C49D4549193EAFD60098552A /* SettingsMoreViewController.m */; };
		C4A8630E19B0F09E00C54632 /* DemoStoreObject.m in Sources */ = {isa = PBXBuildFile; fileRef = C4A8630D19B0F09E00C54632 /* DemoStoreObject.m */; };
		C4A8631119B11C9E00C54632 /* StartViewController.m in Sources */ = {isa = PBXBuildFile; fileRef = C4A8631019B11C9E00C54632 /* StartViewController.m */; };
		C4B7C2DF1901A34E0028F5C9 /* LaunchViewController.m in Sources */ = {isa = PBXBuildFile; fileRef = C4B7C2DE1901A34E0028F5C9 /* LaunchViewController.m */; };
		C4BF34B9191B548A00919279 /* AnnouncementViewController.m in Sources */ = {isa = PBXBuildFile; fileRef = C4BF34B8191B548A00919279 /* AnnouncementViewController.m */; };
		C4BF34BF191C1D7B00919279 /* PostAnnouncement.m in Sources */ = {isa = PBXBuildFile; fileRef = C4BF34BE191C1D7B00919279 /* PostAnnouncement.m */; };
		C4C00D3A1917FF0F007FA3F7 /* PrivacyAndTermsViewController.m in Sources */ = {isa = PBXBuildFile; fileRef = C4C00D391917FF0F007FA3F7 /* PrivacyAndTermsViewController.m */; };
		C4C2D167192BC8C300F804CD /* Main.storyboard in Resources */ = {isa = PBXBuildFile; fileRef = C455337D18F49EBA00520B99 /* Main.storyboard */; };
		C4C2D16D192D4E2000F804CD /* PushWebService.m in Sources */ = {isa = PBXBuildFile; fileRef = C4C2D16C192D4E2000F804CD /* PushWebService.m */; };
		C4C2D170192FE74A00F804CD /* QueryWebService.m in Sources */ = {isa = PBXBuildFile; fileRef = C4C2D16F192FE74A00F804CD /* QueryWebService.m */; };
		C4C2D173192FF61500F804CD /* StoreObject.m in Sources */ = {isa = PBXBuildFile; fileRef = C4C2D172192FF61500F804CD /* StoreObject.m */; };
		C4C2D176192FFCF600F804CD /* InsertWebService.m in Sources */ = {isa = PBXBuildFile; fileRef = C4C2D175192FFCF600F804CD /* InsertWebService.m */; };
		C4C84BE419ADC696004AD63E /* DemoStudentViewController.m in Sources */ = {isa = PBXBuildFile; fileRef = C4C84BE319ADC696004AD63E /* DemoStudentViewController.m */; };
		C4D9E3E3192B2B3600695AD6 /* BroadcastMoreViewController.m in Sources */ = {isa = PBXBuildFile; fileRef = C4D9E3E2192B2B3600695AD6 /* BroadcastMoreViewController.m */; };
		C4E7453B194F984300F880F2 /* HelpViewController.m in Sources */ = {isa = PBXBuildFile; fileRef = C4E7453A194F984300F880F2 /* HelpViewController.m */; };
		C4E74544194FA4D000F880F2 /* User.m in Sources */ = {isa = PBXBuildFile; fileRef = C4E74543194FA4D000F880F2 /* User.m */; };
		C4E74614194FF54C00F880F2 /* UserObject.m in Sources */ = {isa = PBXBuildFile; fileRef = C4E74613194FF54C00F880F2 /* UserObject.m */; };
		C4F261FA193282EC00A5794C /* DeleteWebService.m in Sources */ = {isa = PBXBuildFile; fileRef = C4F261F9193282EC00A5794C /* DeleteWebService.m */; };
		C4F4AD9D1C4AC46700B0DDF9 /* Launch Screen.storyboard in Resources */ = {isa = PBXBuildFile; fileRef = C4F4AD9C1C4AC46700B0DDF9 /* Launch Screen.storyboard */; };
		C4F53C9F19C1067100CB66CE /* DemoRateAppView.m in Sources */ = {isa = PBXBuildFile; fileRef = C4F53C9E19C1067100CB66CE /* DemoRateAppView.m */; };
/* End PBXBuildFile section */

/* Begin PBXContainerItemProxy section */
		C455338E18F49EBA00520B99 /* PBXContainerItemProxy */ = {
			isa = PBXContainerItemProxy;
			containerPortal = C455336018F49EBA00520B99 /* Project object */;
			proxyType = 1;
			remoteGlobalIDString = C455336718F49EBA00520B99;
			remoteInfo = Primo;
		};
/* End PBXContainerItemProxy section */

/* Begin PBXFileReference section */
		C4075A5C19B6CFBB00EEF857 /* DemoTeacher.h */ = {isa = PBXFileReference; fileEncoding = 4; lastKnownFileType = sourcecode.c.h; path = DemoTeacher.h; sourceTree = "<group>"; };
		C4075A5D19B6CFBB00EEF857 /* DemoTeacher.m */ = {isa = PBXFileReference; fileEncoding = 4; lastKnownFileType = sourcecode.c.objc; path = DemoTeacher.m; sourceTree = "<group>"; };
		C4075A5F19B6D23700EEF857 /* DemoTeacher+CheckProgress.h */ = {isa = PBXFileReference; fileEncoding = 4; lastKnownFileType = sourcecode.c.h; path = "DemoTeacher+CheckProgress.h"; sourceTree = "<group>"; };
		C4075A6019B6D23700EEF857 /* DemoTeacher+CheckProgress.m */ = {isa = PBXFileReference; fileEncoding = 4; lastKnownFileType = sourcecode.c.objc; path = "DemoTeacher+CheckProgress.m"; sourceTree = "<group>"; };
		C4075A6219B78EAF00EEF857 /* BouncingPencil.h */ = {isa = PBXFileReference; fileEncoding = 4; lastKnownFileType = sourcecode.c.h; path = BouncingPencil.h; sourceTree = "<group>"; };
		C4075A6319B78EAF00EEF857 /* BouncingPencil.m */ = {isa = PBXFileReference; fileEncoding = 4; lastKnownFileType = sourcecode.c.objc; path = BouncingPencil.m; sourceTree = "<group>"; };
		C4075A6519B9954100EEF857 /* DemoStudent.h */ = {isa = PBXFileReference; fileEncoding = 4; lastKnownFileType = sourcecode.c.h; path = DemoStudent.h; sourceTree = "<group>"; };
		C4075A6619B9954100EEF857 /* DemoStudent.m */ = {isa = PBXFileReference; fileEncoding = 4; lastKnownFileType = sourcecode.c.objc; path = DemoStudent.m; sourceTree = "<group>"; };
		C4075A6819B9957300EEF857 /* DemoStudent+CheckProgress.h */ = {isa = PBXFileReference; fileEncoding = 4; lastKnownFileType = sourcecode.c.h; name = "DemoStudent+CheckProgress.h"; path = "Primo/DemoStudent+CheckProgress.h"; sourceTree = "<group>"; };
		C4075A6919B9957300EEF857 /* DemoStudent+CheckProgress.m */ = {isa = PBXFileReference; fileEncoding = 4; lastKnownFileType = sourcecode.c.objc; name = "DemoStudent+CheckProgress.m"; path = "Primo/DemoStudent+CheckProgress.m"; sourceTree = "<group>"; };
		C4095F0619A92A2B0076CBC3 /* Economy.h */ = {isa = PBXFileReference; fileEncoding = 4; lastKnownFileType = sourcecode.c.h; path = Economy.h; sourceTree = "<group>"; };
		C4095F0719A92A2B0076CBC3 /* Economy.m */ = {isa = PBXFileReference; fileEncoding = 4; lastKnownFileType = sourcecode.c.objc; lineEnding = 0; path = Economy.m; sourceTree = "<group>"; xcLanguageSpecificationIdentifier = xcode.lang.objc; };
		C4095F0B19A99A760076CBC3 /* EraserRegular.ttf */ = {isa = PBXFileReference; lastKnownFileType = file; path = EraserRegular.ttf; sourceTree = "<group>"; };
		C4095F0D19A99C030076CBC3 /* PieChartViewController.h */ = {isa = PBXFileReference; fileEncoding = 4; lastKnownFileType = sourcecode.c.h; path = PieChartViewController.h; sourceTree = "<group>"; };
		C4095F0E19A99C030076CBC3 /* PieChartViewController.m */ = {isa = PBXFileReference; fileEncoding = 4; lastKnownFileType = sourcecode.c.objc; path = PieChartViewController.m; sourceTree = "<group>"; };
		C4095F1019A99FAC0076CBC3 /* XYPieChart.h */ = {isa = PBXFileReference; fileEncoding = 4; lastKnownFileType = sourcecode.c.h; path = XYPieChart.h; sourceTree = "<group>"; };
		C4095F1119A99FAC0076CBC3 /* XYPieChart.m */ = {isa = PBXFileReference; fileEncoding = 4; lastKnownFileType = sourcecode.c.objc; path = XYPieChart.m; sourceTree = "<group>"; };
		C4095F1419AD0C820076CBC3 /* DemoClassViewController.h */ = {isa = PBXFileReference; fileEncoding = 4; lastKnownFileType = sourcecode.c.h; path = DemoClassViewController.h; sourceTree = "<group>"; };
		C4095F1519AD0C820076CBC3 /* DemoClassViewController.m */ = {isa = PBXFileReference; fileEncoding = 4; lastKnownFileType = sourcecode.c.objc; path = DemoClassViewController.m; sourceTree = "<group>"; };
		C4095F1819AD0D0F0076CBC3 /* TutorialViewController.h */ = {isa = PBXFileReference; fileEncoding = 4; lastKnownFileType = sourcecode.c.h; path = TutorialViewController.h; sourceTree = "<group>"; };
		C4095F1919AD0D0F0076CBC3 /* TutorialViewController.m */ = {isa = PBXFileReference; fileEncoding = 4; lastKnownFileType = sourcecode.c.objc; path = TutorialViewController.m; sourceTree = "<group>"; };
		C4095F1B19AD13200076CBC3 /* IntroPageContentViewController.h */ = {isa = PBXFileReference; fileEncoding = 4; lastKnownFileType = sourcecode.c.h; path = IntroPageContentViewController.h; sourceTree = "<group>"; };
		C4095F1C19AD13200076CBC3 /* IntroPageContentViewController.m */ = {isa = PBXFileReference; fileEncoding = 4; lastKnownFileType = sourcecode.c.objc; path = IntroPageContentViewController.m; sourceTree = "<group>"; };
		C4095F2519AD53750076CBC3 /* DemoData.xcdatamodel */ = {isa = PBXFileReference; lastKnownFileType = wrapper.xcdatamodel; path = DemoData.xcdatamodel; sourceTree = "<group>"; };
		C4095F2D19AD746F0076CBC3 /* DemoStudentObject+CreateClassList.h */ = {isa = PBXFileReference; fileEncoding = 4; lastKnownFileType = sourcecode.c.h; path = "DemoStudentObject+CreateClassList.h"; sourceTree = "<group>"; };
		C4095F2E19AD746F0076CBC3 /* DemoStudentObject+CreateClassList.m */ = {isa = PBXFileReference; fileEncoding = 4; lastKnownFileType = sourcecode.c.objc; path = "DemoStudentObject+CreateClassList.m"; sourceTree = "<group>"; };
		C4095F3019AD74930076CBC3 /* DemoTeacherObject+CreateTeacher.h */ = {isa = PBXFileReference; fileEncoding = 4; lastKnownFileType = sourcecode.c.h; path = "DemoTeacherObject+CreateTeacher.h"; sourceTree = "<group>"; };
		C4095F3119AD74930076CBC3 /* DemoTeacherObject+CreateTeacher.m */ = {isa = PBXFileReference; fileEncoding = 4; lastKnownFileType = sourcecode.c.objc; path = "DemoTeacherObject+CreateTeacher.m"; sourceTree = "<group>"; };
		C4095F3619AD75590076CBC3 /* DemoClassObject.h */ = {isa = PBXFileReference; fileEncoding = 4; lastKnownFileType = sourcecode.c.h; path = DemoClassObject.h; sourceTree = "<group>"; };
		C4095F3719AD75590076CBC3 /* DemoClassObject.m */ = {isa = PBXFileReference; fileEncoding = 4; lastKnownFileType = sourcecode.c.objc; path = DemoClassObject.m; sourceTree = "<group>"; };
		C4095F3919AD756D0076CBC3 /* DemoClassObject+CreateClass.h */ = {isa = PBXFileReference; fileEncoding = 4; lastKnownFileType = sourcecode.c.h; path = "DemoClassObject+CreateClass.h"; sourceTree = "<group>"; };
		C4095F3A19AD756D0076CBC3 /* DemoClassObject+CreateClass.m */ = {isa = PBXFileReference; fileEncoding = 4; lastKnownFileType = sourcecode.c.objc; path = "DemoClassObject+CreateClass.m"; sourceTree = "<group>"; };
		C4095F3F19AD76DC0076CBC3 /* DemoTeacherObject.h */ = {isa = PBXFileReference; fileEncoding = 4; lastKnownFileType = sourcecode.c.h; path = DemoTeacherObject.h; sourceTree = "<group>"; };
		C4095F4019AD76DC0076CBC3 /* DemoTeacherObject.m */ = {isa = PBXFileReference; fileEncoding = 4; lastKnownFileType = sourcecode.c.objc; path = DemoTeacherObject.m; sourceTree = "<group>"; };
		C4095F4E19AD795D0076CBC3 /* DemoEconomy+CreateEconomy.h */ = {isa = PBXFileReference; fileEncoding = 4; lastKnownFileType = sourcecode.c.h; path = "DemoEconomy+CreateEconomy.h"; sourceTree = "<group>"; };
		C4095F4F19AD795D0076CBC3 /* DemoEconomy+CreateEconomy.m */ = {isa = PBXFileReference; fileEncoding = 4; lastKnownFileType = sourcecode.c.objc; path = "DemoEconomy+CreateEconomy.m"; sourceTree = "<group>"; };
		C40A5E65195B457000ABB85A /* StudentGroupViewController.h */ = {isa = PBXFileReference; fileEncoding = 4; lastKnownFileType = sourcecode.c.h; path = StudentGroupViewController.h; sourceTree = "<group>"; };
		C40A5E66195B457000ABB85A /* StudentGroupViewController.m */ = {isa = PBXFileReference; fileEncoding = 4; lastKnownFileType = sourcecode.c.objc; path = StudentGroupViewController.m; sourceTree = "<group>"; };
		C41D5DF819A4508100189983 /* GroupMoreViewController.h */ = {isa = PBXFileReference; fileEncoding = 4; lastKnownFileType = sourcecode.c.h; path = GroupMoreViewController.h; sourceTree = "<group>"; };
		C41D5DF919A4508100189983 /* GroupMoreViewController.m */ = {isa = PBXFileReference; fileEncoding = 4; lastKnownFileType = sourcecode.c.objc; lineEnding = 0; path = GroupMoreViewController.m; sourceTree = "<group>"; xcLanguageSpecificationIdentifier = xcode.lang.objc; };
		C42135ED19AE363600462913 /* DemoStoreViewController.h */ = {isa = PBXFileReference; fileEncoding = 4; lastKnownFileType = sourcecode.c.h; path = DemoStoreViewController.h; sourceTree = "<group>"; };
		C42135EE19AE363600462913 /* DemoStoreViewController.m */ = {isa = PBXFileReference; fileEncoding = 4; lastKnownFileType = sourcecode.c.objc; path = DemoStoreViewController.m; sourceTree = "<group>"; };
		C42135F019AE36BA00462913 /* DemoAnnounceViewController.h */ = {isa = PBXFileReference; fileEncoding = 4; lastKnownFileType = sourcecode.c.h; path = DemoAnnounceViewController.h; sourceTree = "<group>"; };
		C42135F119AE36BA00462913 /* DemoAnnounceViewController.m */ = {isa = PBXFileReference; fileEncoding = 4; lastKnownFileType = sourcecode.c.objc; path = DemoAnnounceViewController.m; sourceTree = "<group>"; };
		C42135F619AE71FB00462913 /* DemoPieViewController.h */ = {isa = PBXFileReference; fileEncoding = 4; lastKnownFileType = sourcecode.c.h; path = DemoPieViewController.h; sourceTree = "<group>"; };
		C42135F719AE71FB00462913 /* DemoPieViewController.m */ = {isa = PBXFileReference; fileEncoding = 4; lastKnownFileType = sourcecode.c.objc; path = DemoPieViewController.m; sourceTree = "<group>"; };
		C42135F919AE734200462913 /* DemoEconomy.h */ = {isa = PBXFileReference; fileEncoding = 4; lastKnownFileType = sourcecode.c.h; path = DemoEconomy.h; sourceTree = "<group>"; };
		C42135FA19AE734200462913 /* DemoEconomy.m */ = {isa = PBXFileReference; fileEncoding = 4; lastKnownFileType = sourcecode.c.objc; path = DemoEconomy.m; sourceTree = "<group>"; };
		C42135FF19AE803B00462913 /* DemoStoreObject+CreateStore.h */ = {isa = PBXFileReference; fileEncoding = 4; lastKnownFileType = sourcecode.c.h; path = "DemoStoreObject+CreateStore.h"; sourceTree = "<group>"; };
		C421360019AE803B00462913 /* DemoStoreObject+CreateStore.m */ = {isa = PBXFileReference; fileEncoding = 4; lastKnownFileType = sourcecode.c.objc; path = "DemoStoreObject+CreateStore.m"; sourceTree = "<group>"; };
		C421360319AE85E100462913 /* DemoBuyItemsViewController.h */ = {isa = PBXFileReference; fileEncoding = 4; lastKnownFileType = sourcecode.c.h; path = DemoBuyItemsViewController.h; sourceTree = "<group>"; };
		C421360419AE85E100462913 /* DemoBuyItemsViewController.m */ = {isa = PBXFileReference; fileEncoding = 4; lastKnownFileType = sourcecode.c.objc; path = DemoBuyItemsViewController.m; sourceTree = "<group>"; };
		C421360619AE960000462913 /* DemoAddStoreViewController.h */ = {isa = PBXFileReference; fileEncoding = 4; lastKnownFileType = sourcecode.c.h; name = DemoAddStoreViewController.h; path = ../DemoAddStoreViewController.h; sourceTree = "<group>"; };
		C421360719AE960000462913 /* DemoAddStoreViewController.m */ = {isa = PBXFileReference; fileEncoding = 4; lastKnownFileType = sourcecode.c.objc; name = DemoAddStoreViewController.m; path = ../DemoAddStoreViewController.m; sourceTree = "<group>"; };
		C421360F19AEB70600462913 /* DemoBroadcast+CreateBroadcast.h */ = {isa = PBXFileReference; fileEncoding = 4; lastKnownFileType = sourcecode.c.h; path = "DemoBroadcast+CreateBroadcast.h"; sourceTree = "<group>"; };
		C421361019AEB70600462913 /* DemoBroadcast+CreateBroadcast.m */ = {isa = PBXFileReference; fileEncoding = 4; lastKnownFileType = sourcecode.c.objc; path = "DemoBroadcast+CreateBroadcast.m"; sourceTree = "<group>"; };
		C421361219AEC72F00462913 /* DemoBroadcast.h */ = {isa = PBXFileReference; fileEncoding = 4; lastKnownFileType = sourcecode.c.h; path = DemoBroadcast.h; sourceTree = "<group>"; };
		C421361319AEC72F00462913 /* DemoBroadcast.m */ = {isa = PBXFileReference; fileEncoding = 4; lastKnownFileType = sourcecode.c.objc; path = DemoBroadcast.m; sourceTree = "<group>"; };
		C421361519AEDBC400462913 /* DemoMoreBroadViewController.h */ = {isa = PBXFileReference; fileEncoding = 4; lastKnownFileType = sourcecode.c.h; path = DemoMoreBroadViewController.h; sourceTree = "<group>"; };
		C421361619AEDBC400462913 /* DemoMoreBroadViewController.m */ = {isa = PBXFileReference; fileEncoding = 4; lastKnownFileType = sourcecode.c.objc; path = DemoMoreBroadViewController.m; sourceTree = "<group>"; };
		C421361819AEEE4200462913 /* DemoEndViewController.h */ = {isa = PBXFileReference; fileEncoding = 4; lastKnownFileType = sourcecode.c.h; path = DemoEndViewController.h; sourceTree = "<group>"; };
		C421361919AEEE4200462913 /* DemoEndViewController.m */ = {isa = PBXFileReference; fileEncoding = 4; lastKnownFileType = sourcecode.c.objc; path = DemoEndViewController.m; sourceTree = "<group>"; };
		C421361B19AF801A00462913 /* DemoAddStudentsViewController.h */ = {isa = PBXFileReference; fileEncoding = 4; lastKnownFileType = sourcecode.c.h; path = DemoAddStudentsViewController.h; sourceTree = "<group>"; };
		C421361C19AF801A00462913 /* DemoAddStudentsViewController.m */ = {isa = PBXFileReference; fileEncoding = 4; lastKnownFileType = sourcecode.c.objc; path = DemoAddStudentsViewController.m; sourceTree = "<group>"; };
		C421361E19AFA68A00462913 /* TravelingTypewriter.ttf */ = {isa = PBXFileReference; lastKnownFileType = file; path = TravelingTypewriter.ttf; sourceTree = "<group>"; };
		C421362019B0259E00462913 /* DemoAccountViewController.h */ = {isa = PBXFileReference; fileEncoding = 4; lastKnownFileType = sourcecode.c.h; path = DemoAccountViewController.h; sourceTree = "<group>"; };
		C421362119B0259E00462913 /* DemoAccountViewController.m */ = {isa = PBXFileReference; fileEncoding = 4; lastKnownFileType = sourcecode.c.objc; path = DemoAccountViewController.m; sourceTree = "<group>"; };
		C421362319B02DD100462913 /* DemoStudentObject.h */ = {isa = PBXFileReference; fileEncoding = 4; lastKnownFileType = sourcecode.c.h; path = DemoStudentObject.h; sourceTree = "<group>"; };
		C421362419B02DD100462913 /* DemoStudentObject.m */ = {isa = PBXFileReference; fileEncoding = 4; lastKnownFileType = sourcecode.c.objc; path = DemoStudentObject.m; sourceTree = "<group>"; };
		C42D3C9E1C7BDC53005047F9 /* MyUser.h */ = {isa = PBXFileReference; fileEncoding = 4; lastKnownFileType = sourcecode.c.h; path = MyUser.h; sourceTree = "<group>"; };
		C42D3C9F1C7BDC53005047F9 /* MyUser.m */ = {isa = PBXFileReference; fileEncoding = 4; lastKnownFileType = sourcecode.c.objc; path = MyUser.m; sourceTree = "<group>"; };
		C435F87A1948121A0021C365 /* StudentObject.h */ = {isa = PBXFileReference; fileEncoding = 4; lastKnownFileType = sourcecode.c.h; path = StudentObject.h; sourceTree = "<group>"; };
		C435F87B1948121A0021C365 /* StudentObject.m */ = {isa = PBXFileReference; fileEncoding = 4; lastKnownFileType = sourcecode.c.objc; path = StudentObject.m; sourceTree = "<group>"; };
		C435F87D1949475D0021C365 /* Reachability+Methods.h */ = {isa = PBXFileReference; fileEncoding = 4; lastKnownFileType = sourcecode.c.h; path = "Reachability+Methods.h"; sourceTree = "<group>"; };
		C435F87E1949475D0021C365 /* Reachability+Methods.m */ = {isa = PBXFileReference; fileEncoding = 4; lastKnownFileType = sourcecode.c.objc; path = "Reachability+Methods.m"; sourceTree = "<group>"; };
		C435F8F9194B78B80021C365 /* AddStoreViewController.h */ = {isa = PBXFileReference; fileEncoding = 4; lastKnownFileType = sourcecode.c.h; path = AddStoreViewController.h; sourceTree = "<group>"; };
		C435F8FA194B78B80021C365 /* AddStoreViewController.m */ = {isa = PBXFileReference; fileEncoding = 4; lastKnownFileType = sourcecode.c.objc; path = AddStoreViewController.m; sourceTree = "<group>"; };
		C440C93119369FC300C95FAA /* ClassObject+CreateClass.h */ = {isa = PBXFileReference; fileEncoding = 4; lastKnownFileType = sourcecode.c.h; path = "ClassObject+CreateClass.h"; sourceTree = "<group>"; };
		C440C93219369FC300C95FAA /* ClassObject+CreateClass.m */ = {isa = PBXFileReference; fileEncoding = 4; lastKnownFileType = sourcecode.c.objc; path = "ClassObject+CreateClass.m"; sourceTree = "<group>"; };
		C440C9341936A4AA00C95FAA /* TeacherObject+CreateTeacher.h */ = {isa = PBXFileReference; fileEncoding = 4; lastKnownFileType = sourcecode.c.h; path = "TeacherObject+CreateTeacher.h"; sourceTree = "<group>"; };
		C440C9351936A4AA00C95FAA /* TeacherObject+CreateTeacher.m */ = {isa = PBXFileReference; fileEncoding = 4; lastKnownFileType = sourcecode.c.objc; path = "TeacherObject+CreateTeacher.m"; sourceTree = "<group>"; };
		C4514C86190C5C1B00424D23 /* Sketch College.ttf */ = {isa = PBXFileReference; lastKnownFileType = file; path = "Sketch College.ttf"; sourceTree = "<group>"; };
		C4514C8819116C2300424D23 /* UIImage+ImageEffects.h */ = {isa = PBXFileReference; fileEncoding = 4; lastKnownFileType = sourcecode.c.h; name = "UIImage+ImageEffects.h"; path = "Primo/UIImage+ImageEffects.h"; sourceTree = "<group>"; };
		C4514C8919116C2300424D23 /* UIImage+ImageEffects.m */ = {isa = PBXFileReference; fileEncoding = 4; lastKnownFileType = sourcecode.c.objc; name = "UIImage+ImageEffects.m"; path = "Primo/UIImage+ImageEffects.m"; sourceTree = "<group>"; };
		C4514C8B1911B62E00424D23 /* RestartCoinsViewController.h */ = {isa = PBXFileReference; fileEncoding = 4; lastKnownFileType = sourcecode.c.h; path = RestartCoinsViewController.h; sourceTree = "<group>"; };
		C4514C8C1911B62E00424D23 /* RestartCoinsViewController.m */ = {isa = PBXFileReference; fileEncoding = 4; lastKnownFileType = sourcecode.c.objc; lineEnding = 0; path = RestartCoinsViewController.m; sourceTree = "<group>"; xcLanguageSpecificationIdentifier = xcode.lang.objc; };
		C455336818F49EBA00520B99 /* LCEdu.app */ = {isa = PBXFileReference; explicitFileType = wrapper.application; includeInIndex = 0; path = LCEdu.app; sourceTree = BUILT_PRODUCTS_DIR; };
		C455336B18F49EBA00520B99 /* Foundation.framework */ = {isa = PBXFileReference; lastKnownFileType = wrapper.framework; name = Foundation.framework; path = System/Library/Frameworks/Foundation.framework; sourceTree = SDKROOT; };
		C455336D18F49EBA00520B99 /* CoreGraphics.framework */ = {isa = PBXFileReference; lastKnownFileType = wrapper.framework; name = CoreGraphics.framework; path = System/Library/Frameworks/CoreGraphics.framework; sourceTree = SDKROOT; };
		C455336F18F49EBA00520B99 /* UIKit.framework */ = {isa = PBXFileReference; lastKnownFileType = wrapper.framework; name = UIKit.framework; path = System/Library/Frameworks/UIKit.framework; sourceTree = SDKROOT; };
		C455337318F49EBA00520B99 /* LCEdu.temp_caseinsensitive_rename-Info.plist */ = {isa = PBXFileReference; lastKnownFileType = text.plist.xml; path = "LCEdu.temp_caseinsensitive_rename-Info.plist"; sourceTree = "<group>"; };
		C455337518F49EBA00520B99 /* en */ = {isa = PBXFileReference; lastKnownFileType = text.plist.strings; name = en; path = en.lproj/InfoPlist.strings; sourceTree = "<group>"; };
		C455337718F49EBA00520B99 /* main.m */ = {isa = PBXFileReference; lastKnownFileType = sourcecode.c.objc; path = main.m; sourceTree = "<group>"; };
		C455337918F49EBA00520B99 /* LCEdu.temp_caseinsensitive_rename-Prefix.pch */ = {isa = PBXFileReference; lastKnownFileType = sourcecode.c.h; path = "LCEdu.temp_caseinsensitive_rename-Prefix.pch"; sourceTree = "<group>"; };
		C455337A18F49EBA00520B99 /* AppDelegate.h */ = {isa = PBXFileReference; lastKnownFileType = sourcecode.c.h; path = AppDelegate.h; sourceTree = "<group>"; };
		C455337B18F49EBA00520B99 /* AppDelegate.m */ = {isa = PBXFileReference; lastKnownFileType = sourcecode.c.objc; lineEnding = 0; path = AppDelegate.m; sourceTree = "<group>"; xcLanguageSpecificationIdentifier = xcode.lang.objc; };
		C455337E18F49EBA00520B99 /* Base */ = {isa = PBXFileReference; lastKnownFileType = file.storyboard; name = Base; path = Base.lproj/Main.storyboard; sourceTree = "<group>"; };
		C455338918F49EBA00520B99 /* LCEduTests.xctest */ = {isa = PBXFileReference; explicitFileType = wrapper.cfbundle; includeInIndex = 0; path = LCEduTests.xctest; sourceTree = BUILT_PRODUCTS_DIR; };
		C455338A18F49EBA00520B99 /* XCTest.framework */ = {isa = PBXFileReference; lastKnownFileType = wrapper.framework; name = XCTest.framework; path = Library/Frameworks/XCTest.framework; sourceTree = DEVELOPER_DIR; };
		C455339218F49EBA00520B99 /* LCEdu.temp_caseinsensitive_renameTests-Info.plist */ = {isa = PBXFileReference; lastKnownFileType = text.plist.xml; path = "LCEdu.temp_caseinsensitive_renameTests-Info.plist"; sourceTree = "<group>"; };
		C455339418F49EBA00520B99 /* en */ = {isa = PBXFileReference; lastKnownFileType = text.plist.strings; name = en; path = en.lproj/InfoPlist.strings; sourceTree = "<group>"; };
		C455339618F49EBA00520B99 /* PrimoTests.m */ = {isa = PBXFileReference; lastKnownFileType = sourcecode.c.objc; path = PrimoTests.m; sourceTree = "<group>"; };
		C45533A018F49F2D00520B99 /* AudioToolbox.framework */ = {isa = PBXFileReference; lastKnownFileType = wrapper.framework; name = AudioToolbox.framework; path = System/Library/Frameworks/AudioToolbox.framework; sourceTree = SDKROOT; };
		C45533A218F49F3200520B99 /* CFNetwork.framework */ = {isa = PBXFileReference; lastKnownFileType = wrapper.framework; name = CFNetwork.framework; path = System/Library/Frameworks/CFNetwork.framework; sourceTree = SDKROOT; };
		C45533A418F49F4000520B99 /* CoreLocation.framework */ = {isa = PBXFileReference; lastKnownFileType = wrapper.framework; name = CoreLocation.framework; path = System/Library/Frameworks/CoreLocation.framework; sourceTree = SDKROOT; };
		C45533A618F49F4900520B99 /* libz.dylib */ = {isa = PBXFileReference; lastKnownFileType = "compiled.mach-o.dylib"; name = libz.dylib; path = usr/lib/libz.dylib; sourceTree = SDKROOT; };
		C45533A818F49F4F00520B99 /* MobileCoreServices.framework */ = {isa = PBXFileReference; lastKnownFileType = wrapper.framework; name = MobileCoreServices.framework; path = System/Library/Frameworks/MobileCoreServices.framework; sourceTree = SDKROOT; };
		C45533AA18F49F5400520B99 /* QuartzCore.framework */ = {isa = PBXFileReference; lastKnownFileType = wrapper.framework; name = QuartzCore.framework; path = System/Library/Frameworks/QuartzCore.framework; sourceTree = SDKROOT; };
		C45533AC18F49F5A00520B99 /* Security.framework */ = {isa = PBXFileReference; lastKnownFileType = wrapper.framework; name = Security.framework; path = System/Library/Frameworks/Security.framework; sourceTree = SDKROOT; };
		C45533B018F49F6700520B99 /* SystemConfiguration.framework */ = {isa = PBXFileReference; lastKnownFileType = wrapper.framework; name = SystemConfiguration.framework; path = System/Library/Frameworks/SystemConfiguration.framework; sourceTree = SDKROOT; };
		C45533BB18F4A04E00520B99 /* AccountViewController.h */ = {isa = PBXFileReference; fileEncoding = 4; lastKnownFileType = sourcecode.c.h; path = AccountViewController.h; sourceTree = "<group>"; };
		C45533BC18F4A04E00520B99 /* AccountViewController.m */ = {isa = PBXFileReference; fileEncoding = 4; lastKnownFileType = sourcecode.c.objc; path = AccountViewController.m; sourceTree = "<group>"; };
		C45533BD18F4A04E00520B99 /* AddViewController.h */ = {isa = PBXFileReference; fileEncoding = 4; lastKnownFileType = sourcecode.c.h; path = AddViewController.h; sourceTree = "<group>"; };
		C45533BE18F4A04E00520B99 /* AddViewController.m */ = {isa = PBXFileReference; fileEncoding = 4; lastKnownFileType = sourcecode.c.objc; path = AddViewController.m; sourceTree = "<group>"; };
		C45533C118F4A06500520B99 /* BuyItemsViewController.h */ = {isa = PBXFileReference; fileEncoding = 4; lastKnownFileType = sourcecode.c.h; path = BuyItemsViewController.h; sourceTree = "<group>"; };
		C45533C218F4A06500520B99 /* BuyItemsViewController.m */ = {isa = PBXFileReference; fileEncoding = 4; lastKnownFileType = sourcecode.c.objc; path = BuyItemsViewController.m; sourceTree = "<group>"; };
		C45533C318F4A06500520B99 /* BuyStudentView.h */ = {isa = PBXFileReference; fileEncoding = 4; lastKnownFileType = sourcecode.c.h; name = BuyStudentView.h; path = Primo/BuyStudentView.h; sourceTree = "<group>"; };
		C45533C418F4A06500520B99 /* BuyStudentView.m */ = {isa = PBXFileReference; fileEncoding = 4; lastKnownFileType = sourcecode.c.objc; name = BuyStudentView.m; path = Primo/BuyStudentView.m; sourceTree = "<group>"; };
		C45533C518F4A06500520B99 /* ClassMenuView.h */ = {isa = PBXFileReference; fileEncoding = 4; lastKnownFileType = sourcecode.c.h; name = ClassMenuView.h; path = Primo/ClassMenuView.h; sourceTree = "<group>"; };
		C45533C618F4A06500520B99 /* ClassMenuView.m */ = {isa = PBXFileReference; fileEncoding = 4; lastKnownFileType = sourcecode.c.objc; name = ClassMenuView.m; path = Primo/ClassMenuView.m; sourceTree = "<group>"; };
		C45533C718F4A06500520B99 /* ClassNameView.h */ = {isa = PBXFileReference; fileEncoding = 4; lastKnownFileType = sourcecode.c.h; name = ClassNameView.h; path = Primo/ClassNameView.h; sourceTree = "<group>"; };
		C45533C818F4A06500520B99 /* ClassNameView.m */ = {isa = PBXFileReference; fileEncoding = 4; lastKnownFileType = sourcecode.c.objc; name = ClassNameView.m; path = Primo/ClassNameView.m; sourceTree = "<group>"; };
		C45533C918F4A06500520B99 /* ClassRegViewController.h */ = {isa = PBXFileReference; fileEncoding = 4; lastKnownFileType = sourcecode.c.h; path = ClassRegViewController.h; sourceTree = "<group>"; };
		C45533CA18F4A06500520B99 /* ClassRegViewController.m */ = {isa = PBXFileReference; fileEncoding = 4; lastKnownFileType = sourcecode.c.objc; lineEnding = 0; path = ClassRegViewController.m; sourceTree = "<group>"; xcLanguageSpecificationIdentifier = xcode.lang.objc; };
		C45533CB18F4A06500520B99 /* ClassTableViewController.h */ = {isa = PBXFileReference; fileEncoding = 4; lastKnownFileType = sourcecode.c.h; path = ClassTableViewController.h; sourceTree = "<group>"; };
		C45533CC18F4A06500520B99 /* ClassTableViewController.m */ = {isa = PBXFileReference; fileEncoding = 4; lastKnownFileType = sourcecode.c.objc; path = ClassTableViewController.m; sourceTree = "<group>"; };
		C45533CD18F4A06500520B99 /* Reachability.h */ = {isa = PBXFileReference; fileEncoding = 4; lastKnownFileType = sourcecode.c.h; name = Reachability.h; path = Primo/Reachability.h; sourceTree = "<group>"; };
		C45533CE18F4A06500520B99 /* Reachability.m */ = {isa = PBXFileReference; fileEncoding = 4; lastKnownFileType = sourcecode.c.objc; name = Reachability.m; path = Primo/Reachability.m; sourceTree = "<group>"; };
		C45533D118F4A06500520B99 /* EditStoreViewController.h */ = {isa = PBXFileReference; fileEncoding = 4; lastKnownFileType = sourcecode.c.h; path = EditStoreViewController.h; sourceTree = "<group>"; };
		C45533D218F4A06500520B99 /* EditStoreViewController.m */ = {isa = PBXFileReference; fileEncoding = 4; lastKnownFileType = sourcecode.c.objc; path = EditStoreViewController.m; sourceTree = "<group>"; };
		C45533DC18F4A07E00520B99 /* IntroViewController.h */ = {isa = PBXFileReference; fileEncoding = 4; lastKnownFileType = sourcecode.c.h; path = IntroViewController.h; sourceTree = "<group>"; };
		C45533DD18F4A07E00520B99 /* IntroViewController.m */ = {isa = PBXFileReference; fileEncoding = 4; lastKnownFileType = sourcecode.c.objc; path = IntroViewController.m; sourceTree = "<group>"; };
		C45533E018F4A07E00520B99 /* LoginViewController.h */ = {isa = PBXFileReference; fileEncoding = 4; lastKnownFileType = sourcecode.c.h; path = LoginViewController.h; sourceTree = "<group>"; };
		C45533E118F4A07E00520B99 /* LoginViewController.m */ = {isa = PBXFileReference; fileEncoding = 4; lastKnownFileType = sourcecode.c.objc; lineEnding = 0; path = LoginViewController.m; sourceTree = "<group>"; xcLanguageSpecificationIdentifier = xcode.lang.objc; };
		C45533E818F4A0BE00520B99 /* TeacherInfoViewController.h */ = {isa = PBXFileReference; fileEncoding = 4; lastKnownFileType = sourcecode.c.h; path = TeacherInfoViewController.h; sourceTree = "<group>"; };
		C45533E918F4A0BE00520B99 /* TeacherInfoViewController.m */ = {isa = PBXFileReference; fileEncoding = 4; lastKnownFileType = sourcecode.c.objc; lineEnding = 0; path = TeacherInfoViewController.m; sourceTree = "<group>"; xcLanguageSpecificationIdentifier = xcode.lang.objc; };
		C45533EA18F4A0BE00520B99 /* manageCoinView.h */ = {isa = PBXFileReference; fileEncoding = 4; lastKnownFileType = sourcecode.c.h; name = manageCoinView.h; path = Primo/manageCoinView.h; sourceTree = "<group>"; };
		C45533EB18F4A0BE00520B99 /* manageCoinView.m */ = {isa = PBXFileReference; fileEncoding = 4; lastKnownFileType = sourcecode.c.objc; name = manageCoinView.m; path = Primo/manageCoinView.m; sourceTree = "<group>"; };
		C45533EC18F4A0BE00520B99 /* MonthLogViewController.h */ = {isa = PBXFileReference; fileEncoding = 4; lastKnownFileType = sourcecode.c.h; path = MonthLogViewController.h; sourceTree = "<group>"; };
		C45533ED18F4A0BE00520B99 /* MonthLogViewController.m */ = {isa = PBXFileReference; fileEncoding = 4; lastKnownFileType = sourcecode.c.objc; lineEnding = 0; path = MonthLogViewController.m; sourceTree = "<group>"; xcLanguageSpecificationIdentifier = xcode.lang.objc; };
		C45533EE18F4A0BE00520B99 /* moreViewController.h */ = {isa = PBXFileReference; fileEncoding = 4; lastKnownFileType = sourcecode.c.h; path = moreViewController.h; sourceTree = "<group>"; };
		C45533EF18F4A0BE00520B99 /* moreViewController.m */ = {isa = PBXFileReference; fileEncoding = 4; lastKnownFileType = sourcecode.c.objc; path = moreViewController.m; sourceTree = "<group>"; };
		C45533F218F4A0BE00520B99 /* RegisterViewController.h */ = {isa = PBXFileReference; fileEncoding = 4; lastKnownFileType = sourcecode.c.h; path = RegisterViewController.h; sourceTree = "<group>"; };
		C45533F318F4A0BE00520B99 /* RegisterViewController.m */ = {isa = PBXFileReference; fileEncoding = 4; lastKnownFileType = sourcecode.c.objc; path = RegisterViewController.m; sourceTree = "<group>"; };
		C45533F418F4A0BE00520B99 /* sampleViewController.h */ = {isa = PBXFileReference; fileEncoding = 4; lastKnownFileType = sourcecode.c.h; path = sampleViewController.h; sourceTree = "<group>"; };
		C45533F618F4A0BE00520B99 /* SettingsViewController.h */ = {isa = PBXFileReference; fileEncoding = 4; lastKnownFileType = sourcecode.c.h; path = SettingsViewController.h; sourceTree = "<group>"; };
		C45533F718F4A0BE00520B99 /* SettingsViewController.m */ = {isa = PBXFileReference; fileEncoding = 4; lastKnownFileType = sourcecode.c.objc; path = SettingsViewController.m; sourceTree = "<group>"; };
		C45533F818F4A0BE00520B99 /* LogViewController.h */ = {isa = PBXFileReference; fileEncoding = 4; lastKnownFileType = sourcecode.c.h; path = LogViewController.h; sourceTree = "<group>"; };
		C45533F918F4A0BE00520B99 /* LogViewController.m */ = {isa = PBXFileReference; fileEncoding = 4; lastKnownFileType = sourcecode.c.objc; lineEnding = 0; path = LogViewController.m; sourceTree = "<group>"; xcLanguageSpecificationIdentifier = xcode.lang.objc; };
		C45533FE18F4A0BE00520B99 /* StudentsViewController.h */ = {isa = PBXFileReference; fileEncoding = 4; lastKnownFileType = sourcecode.c.h; path = StudentsViewController.h; sourceTree = "<group>"; };
		C45533FF18F4A0BE00520B99 /* StudentsViewController.m */ = {isa = PBXFileReference; fileEncoding = 4; lastKnownFileType = sourcecode.c.objc; path = StudentsViewController.m; sourceTree = "<group>"; };
		C455340C18F4A0D500520B99 /* TeacherStoreViewController.h */ = {isa = PBXFileReference; fileEncoding = 4; lastKnownFileType = sourcecode.c.h; path = TeacherStoreViewController.h; sourceTree = "<group>"; };
		C455340D18F4A0D500520B99 /* TeacherStoreViewController.m */ = {isa = PBXFileReference; fileEncoding = 4; lastKnownFileType = sourcecode.c.objc; path = TeacherStoreViewController.m; sourceTree = "<group>"; };
		C455340F18F4A0FE00520B99 /* MenuTable.h */ = {isa = PBXFileReference; fileEncoding = 4; lastKnownFileType = sourcecode.c.h; name = MenuTable.h; path = Primo/MenuTable.h; sourceTree = "<group>"; };
		C455341018F4A0FE00520B99 /* MenuTable.m */ = {isa = PBXFileReference; fileEncoding = 4; lastKnownFileType = sourcecode.c.objc; lineEnding = 0; name = MenuTable.m; path = Primo/MenuTable.m; sourceTree = "<group>"; xcLanguageSpecificationIdentifier = xcode.lang.objc; };
		C455341218F4A42300520B99 /* Images.xcassets */ = {isa = PBXFileReference; lastKnownFileType = folder.assetcatalog; name = Images.xcassets; path = ../Images.xcassets; sourceTree = "<group>"; };
		C455341418F4BB8900520B99 /* NavigationViewController.h */ = {isa = PBXFileReference; fileEncoding = 4; lastKnownFileType = sourcecode.c.h; path = NavigationViewController.h; sourceTree = "<group>"; };
		C455341518F4BB8900520B99 /* NavigationViewController.m */ = {isa = PBXFileReference; fileEncoding = 4; lastKnownFileType = sourcecode.c.objc; path = NavigationViewController.m; sourceTree = "<group>"; };
		C468245718F4D5CB00F48F03 /* TabViewController.h */ = {isa = PBXFileReference; fileEncoding = 4; lastKnownFileType = sourcecode.c.h; path = TabViewController.h; sourceTree = "<group>"; };
		C468245818F4D5CB00F48F03 /* TabViewController.m */ = {isa = PBXFileReference; fileEncoding = 4; lastKnownFileType = sourcecode.c.objc; path = TabViewController.m; sourceTree = "<group>"; };
		C468A4F6199B17BB009C9FB2 /* AddGroupViewController.h */ = {isa = PBXFileReference; fileEncoding = 4; lastKnownFileType = sourcecode.c.h; path = AddGroupViewController.h; sourceTree = "<group>"; };
		C468A4F7199B17BB009C9FB2 /* AddGroupViewController.m */ = {isa = PBXFileReference; fileEncoding = 4; lastKnownFileType = sourcecode.c.objc; path = AddGroupViewController.m; sourceTree = "<group>"; };
		C47834C81939552C006228A2 /* LogWebService.h */ = {isa = PBXFileReference; fileEncoding = 4; lastKnownFileType = sourcecode.c.h; path = LogWebService.h; sourceTree = "<group>"; };
		C47834C91939552C006228A2 /* LogWebService.m */ = {isa = PBXFileReference; fileEncoding = 4; lastKnownFileType = sourcecode.c.objc; lineEnding = 0; path = LogWebService.m; sourceTree = "<group>"; xcLanguageSpecificationIdentifier = xcode.lang.objc; };
		C47834D7193C15D2006228A2 /* TeacherObject.h */ = {isa = PBXFileReference; fileEncoding = 4; lastKnownFileType = sourcecode.c.h; path = TeacherObject.h; sourceTree = "<group>"; };
		C47834D8193C15D2006228A2 /* TeacherObject.m */ = {isa = PBXFileReference; fileEncoding = 4; lastKnownFileType = sourcecode.c.objc; path = TeacherObject.m; sourceTree = "<group>"; };
		C47834DA193C15F2006228A2 /* ClassObject.h */ = {isa = PBXFileReference; fileEncoding = 4; lastKnownFileType = sourcecode.c.h; path = ClassObject.h; sourceTree = "<group>"; };
		C47834DB193C15F3006228A2 /* ClassObject.m */ = {isa = PBXFileReference; fileEncoding = 4; lastKnownFileType = sourcecode.c.objc; path = ClassObject.m; sourceTree = "<group>"; };
		C488F79319213E6300DD0E9F /* MessageUI.framework */ = {isa = PBXFileReference; lastKnownFileType = wrapper.framework; name = MessageUI.framework; path = System/Library/Frameworks/MessageUI.framework; sourceTree = SDKROOT; };
		C488F7951921C96900DD0E9F /* AnnouncementObject.h */ = {isa = PBXFileReference; fileEncoding = 4; lastKnownFileType = sourcecode.c.h; name = AnnouncementObject.h; path = Primo/AnnouncementObject.h; sourceTree = "<group>"; };
		C488F7961921C96900DD0E9F /* AnnouncementObject.m */ = {isa = PBXFileReference; fileEncoding = 4; lastKnownFileType = sourcecode.c.objc; name = AnnouncementObject.m; path = Primo/AnnouncementObject.m; sourceTree = "<group>"; };
		C48FC1091937F937000175AD /* UpdateWebService.h */ = {isa = PBXFileReference; fileEncoding = 4; lastKnownFileType = sourcecode.c.h; path = UpdateWebService.h; sourceTree = "<group>"; };
		C48FC10A1937F937000175AD /* UpdateWebService.m */ = {isa = PBXFileReference; fileEncoding = 4; lastKnownFileType = sourcecode.c.objc; lineEnding = 0; path = UpdateWebService.m; sourceTree = "<group>"; xcLanguageSpecificationIdentifier = xcode.lang.objc; };
		C49AD899193535AD003A96EB /* CoreData.framework */ = {isa = PBXFileReference; lastKnownFileType = wrapper.framework; name = CoreData.framework; path = System/Library/Frameworks/CoreData.framework; sourceTree = SDKROOT; };
		C49AD89C1935367B003A96EB /* PrimoData.xcdatamodel */ = {isa = PBXFileReference; lastKnownFileType = wrapper.xcdatamodel; path = PrimoData.xcdatamodel; sourceTree = "<group>"; };
		C49AD98519367C4C003A96EB /* StudentObject+CreateClassList.h */ = {isa = PBXFileReference; fileEncoding = 4; lastKnownFileType = sourcecode.c.h; path = "StudentObject+CreateClassList.h"; sourceTree = "<group>"; };
		C49AD98619367C4C003A96EB /* StudentObject+CreateClassList.m */ = {isa = PBXFileReference; fileEncoding = 4; lastKnownFileType = sourcecode.c.objc; path = "StudentObject+CreateClassList.m"; sourceTree = "<group>"; };
		C49D4548193EAFD60098552A /* SettingsMoreViewController.h */ = {isa = PBXFileReference; fileEncoding = 4; lastKnownFileType = sourcecode.c.h; path = SettingsMoreViewController.h; sourceTree = "<group>"; };
		C49D4549193EAFD60098552A /* SettingsMoreViewController.m */ = {isa = PBXFileReference; fileEncoding = 4; lastKnownFileType = sourcecode.c.objc; path = SettingsMoreViewController.m; sourceTree = "<group>"; };
		C4A8630C19B0F09E00C54632 /* DemoStoreObject.h */ = {isa = PBXFileReference; fileEncoding = 4; lastKnownFileType = sourcecode.c.h; path = DemoStoreObject.h; sourceTree = "<group>"; };
		C4A8630D19B0F09E00C54632 /* DemoStoreObject.m */ = {isa = PBXFileReference; fileEncoding = 4; lastKnownFileType = sourcecode.c.objc; path = DemoStoreObject.m; sourceTree = "<group>"; };
		C4A8630F19B11C9E00C54632 /* StartViewController.h */ = {isa = PBXFileReference; fileEncoding = 4; lastKnownFileType = sourcecode.c.h; path = StartViewController.h; sourceTree = "<group>"; };
		C4A8631019B11C9E00C54632 /* StartViewController.m */ = {isa = PBXFileReference; fileEncoding = 4; lastKnownFileType = sourcecode.c.objc; path = StartViewController.m; sourceTree = "<group>"; };
		C4B7C2DD1901A34E0028F5C9 /* LaunchViewController.h */ = {isa = PBXFileReference; fileEncoding = 4; lastKnownFileType = sourcecode.c.h; path = LaunchViewController.h; sourceTree = "<group>"; };
		C4B7C2DE1901A34E0028F5C9 /* LaunchViewController.m */ = {isa = PBXFileReference; fileEncoding = 4; lastKnownFileType = sourcecode.c.objc; lineEnding = 0; path = LaunchViewController.m; sourceTree = "<group>"; xcLanguageSpecificationIdentifier = xcode.lang.objc; };
		C4BF34B7191B548900919279 /* AnnouncementViewController.h */ = {isa = PBXFileReference; fileEncoding = 4; lastKnownFileType = sourcecode.c.h; path = AnnouncementViewController.h; sourceTree = "<group>"; };
		C4BF34B8191B548A00919279 /* AnnouncementViewController.m */ = {isa = PBXFileReference; fileEncoding = 4; lastKnownFileType = sourcecode.c.objc; path = AnnouncementViewController.m; sourceTree = "<group>"; };
		C4BF34BD191C1D7B00919279 /* PostAnnouncement.h */ = {isa = PBXFileReference; fileEncoding = 4; lastKnownFileType = sourcecode.c.h; path = PostAnnouncement.h; sourceTree = "<group>"; };
		C4BF34BE191C1D7B00919279 /* PostAnnouncement.m */ = {isa = PBXFileReference; fileEncoding = 4; lastKnownFileType = sourcecode.c.objc; path = PostAnnouncement.m; sourceTree = "<group>"; };
		C4C00D381917FF0F007FA3F7 /* PrivacyAndTermsViewController.h */ = {isa = PBXFileReference; fileEncoding = 4; lastKnownFileType = sourcecode.c.h; path = PrivacyAndTermsViewController.h; sourceTree = "<group>"; };
		C4C00D391917FF0F007FA3F7 /* PrivacyAndTermsViewController.m */ = {isa = PBXFileReference; fileEncoding = 4; lastKnownFileType = sourcecode.c.objc; lineEnding = 0; path = PrivacyAndTermsViewController.m; sourceTree = "<group>"; xcLanguageSpecificationIdentifier = xcode.lang.objc; };
		C4C2D16B192D4E2000F804CD /* PushWebService.h */ = {isa = PBXFileReference; fileEncoding = 4; lastKnownFileType = sourcecode.c.h; path = PushWebService.h; sourceTree = "<group>"; };
		C4C2D16C192D4E2000F804CD /* PushWebService.m */ = {isa = PBXFileReference; fileEncoding = 4; lastKnownFileType = sourcecode.c.objc; lineEnding = 0; path = PushWebService.m; sourceTree = "<group>"; xcLanguageSpecificationIdentifier = xcode.lang.objc; };
		C4C2D16E192FE74A00F804CD /* QueryWebService.h */ = {isa = PBXFileReference; fileEncoding = 4; lastKnownFileType = sourcecode.c.h; name = QueryWebService.h; path = Primo/QueryWebService.h; sourceTree = "<group>"; };
		C4C2D16F192FE74A00F804CD /* QueryWebService.m */ = {isa = PBXFileReference; fileEncoding = 4; lastKnownFileType = sourcecode.c.objc; lineEnding = 0; name = QueryWebService.m; path = Primo/QueryWebService.m; sourceTree = "<group>"; xcLanguageSpecificationIdentifier = xcode.lang.objc; };
		C4C2D171192FF61500F804CD /* StoreObject.h */ = {isa = PBXFileReference; fileEncoding = 4; lastKnownFileType = sourcecode.c.h; path = StoreObject.h; sourceTree = "<group>"; };
		C4C2D172192FF61500F804CD /* StoreObject.m */ = {isa = PBXFileReference; fileEncoding = 4; lastKnownFileType = sourcecode.c.objc; path = StoreObject.m; sourceTree = "<group>"; };
		C4C2D174192FFCF600F804CD /* InsertWebService.h */ = {isa = PBXFileReference; fileEncoding = 4; lastKnownFileType = sourcecode.c.h; path = InsertWebService.h; sourceTree = "<group>"; };
		C4C2D175192FFCF600F804CD /* InsertWebService.m */ = {isa = PBXFileReference; fileEncoding = 4; lastKnownFileType = sourcecode.c.objc; lineEnding = 0; path = InsertWebService.m; sourceTree = "<group>"; xcLanguageSpecificationIdentifier = xcode.lang.objc; };
		C4C84BE219ADC696004AD63E /* DemoStudentViewController.h */ = {isa = PBXFileReference; fileEncoding = 4; lastKnownFileType = sourcecode.c.h; path = DemoStudentViewController.h; sourceTree = "<group>"; };
		C4C84BE319ADC696004AD63E /* DemoStudentViewController.m */ = {isa = PBXFileReference; fileEncoding = 4; lastKnownFileType = sourcecode.c.objc; path = DemoStudentViewController.m; sourceTree = "<group>"; };
		C4D9E3E1192B2B3600695AD6 /* BroadcastMoreViewController.h */ = {isa = PBXFileReference; fileEncoding = 4; lastKnownFileType = sourcecode.c.h; path = BroadcastMoreViewController.h; sourceTree = "<group>"; };
		C4D9E3E2192B2B3600695AD6 /* BroadcastMoreViewController.m */ = {isa = PBXFileReference; fileEncoding = 4; lastKnownFileType = sourcecode.c.objc; path = BroadcastMoreViewController.m; sourceTree = "<group>"; };
		C4E74539194F984300F880F2 /* HelpViewController.h */ = {isa = PBXFileReference; fileEncoding = 4; lastKnownFileType = sourcecode.c.h; path = HelpViewController.h; sourceTree = "<group>"; };
		C4E7453A194F984300F880F2 /* HelpViewController.m */ = {isa = PBXFileReference; fileEncoding = 4; lastKnownFileType = sourcecode.c.objc; lineEnding = 0; path = HelpViewController.m; sourceTree = "<group>"; xcLanguageSpecificationIdentifier = xcode.lang.objc; };
		C4E74542194FA4D000F880F2 /* User.h */ = {isa = PBXFileReference; fileEncoding = 4; lastKnownFileType = sourcecode.c.h; path = User.h; sourceTree = "<group>"; };
		C4E74543194FA4D000F880F2 /* User.m */ = {isa = PBXFileReference; fileEncoding = 4; lastKnownFileType = sourcecode.c.objc; path = User.m; sourceTree = "<group>"; };
		C4E74612194FF54C00F880F2 /* UserObject.h */ = {isa = PBXFileReference; fileEncoding = 4; lastKnownFileType = sourcecode.c.h; path = UserObject.h; sourceTree = "<group>"; };
		C4E74613194FF54C00F880F2 /* UserObject.m */ = {isa = PBXFileReference; fileEncoding = 4; lastKnownFileType = sourcecode.c.objc; path = UserObject.m; sourceTree = "<group>"; };
		C4F261F8193282EC00A5794C /* DeleteWebService.h */ = {isa = PBXFileReference; fileEncoding = 4; lastKnownFileType = sourcecode.c.h; path = DeleteWebService.h; sourceTree = "<group>"; };
		C4F261F9193282EC00A5794C /* DeleteWebService.m */ = {isa = PBXFileReference; fileEncoding = 4; lastKnownFileType = sourcecode.c.objc; lineEnding = 0; path = DeleteWebService.m; sourceTree = "<group>"; xcLanguageSpecificationIdentifier = xcode.lang.objc; };
		C4F4AD9C1C4AC46700B0DDF9 /* Launch Screen.storyboard */ = {isa = PBXFileReference; fileEncoding = 4; lastKnownFileType = file.storyboard; path = "Launch Screen.storyboard"; sourceTree = "<group>"; };
		C4F53C9D19C1067100CB66CE /* DemoRateAppView.h */ = {isa = PBXFileReference; fileEncoding = 4; lastKnownFileType = sourcecode.c.h; path = DemoRateAppView.h; sourceTree = "<group>"; };
		C4F53C9E19C1067100CB66CE /* DemoRateAppView.m */ = {isa = PBXFileReference; fileEncoding = 4; lastKnownFileType = sourcecode.c.objc; path = DemoRateAppView.m; sourceTree = "<group>"; };
/* End PBXFileReference section */

/* Begin PBXFrameworksBuildPhase section */
		C455336518F49EBA00520B99 /* Frameworks */ = {
			isa = PBXFrameworksBuildPhase;
			buildActionMask = 2147483647;
			files = (
				C49AD89A193535AD003A96EB /* CoreData.framework in Frameworks */,
				C488F79419213E6300DD0E9F /* MessageUI.framework in Frameworks */,
				C45533B118F49F6700520B99 /* SystemConfiguration.framework in Frameworks */,
				C45533AD18F49F5A00520B99 /* Security.framework in Frameworks */,
				C45533AB18F49F5400520B99 /* QuartzCore.framework in Frameworks */,
				C45533A918F49F4F00520B99 /* MobileCoreServices.framework in Frameworks */,
				C45533A718F49F4900520B99 /* libz.dylib in Frameworks */,
				C45533A518F49F4000520B99 /* CoreLocation.framework in Frameworks */,
				C455336E18F49EBA00520B99 /* CoreGraphics.framework in Frameworks */,
				C45533A318F49F3200520B99 /* CFNetwork.framework in Frameworks */,
				C45533A118F49F2D00520B99 /* AudioToolbox.framework in Frameworks */,
				C455337018F49EBA00520B99 /* UIKit.framework in Frameworks */,
				C455336C18F49EBA00520B99 /* Foundation.framework in Frameworks */,
			);
			runOnlyForDeploymentPostprocessing = 0;
		};
		C455338618F49EBA00520B99 /* Frameworks */ = {
			isa = PBXFrameworksBuildPhase;
			buildActionMask = 2147483647;
			files = (
				C455338B18F49EBA00520B99 /* XCTest.framework in Frameworks */,
				C455338D18F49EBA00520B99 /* UIKit.framework in Frameworks */,
				C455338C18F49EBA00520B99 /* Foundation.framework in Frameworks */,
			);
			runOnlyForDeploymentPostprocessing = 0;
		};
/* End PBXFrameworksBuildPhase section */

/* Begin PBXGroup section */
		C4075A5519B6C87200EEF857 /* View */ = {
			isa = PBXGroup;
			children = (
				C45533EA18F4A0BE00520B99 /* manageCoinView.h */,
				C45533EB18F4A0BE00520B99 /* manageCoinView.m */,
				C455340F18F4A0FE00520B99 /* MenuTable.h */,
				C455341018F4A0FE00520B99 /* MenuTable.m */,
				C45533C318F4A06500520B99 /* BuyStudentView.h */,
				C45533C418F4A06500520B99 /* BuyStudentView.m */,
				C45533C518F4A06500520B99 /* ClassMenuView.h */,
				C45533C618F4A06500520B99 /* ClassMenuView.m */,
				C45533C718F4A06500520B99 /* ClassNameView.h */,
				C45533C818F4A06500520B99 /* ClassNameView.m */,
			);
			name = View;
			sourceTree = "<group>";
		};
		C4095F1319AD0C660076CBC3 /* DemoClass */ = {
			isa = PBXGroup;
			children = (
				C421360619AE960000462913 /* DemoAddStoreViewController.h */,
				C421360719AE960000462913 /* DemoAddStoreViewController.m */,
				C42135F019AE36BA00462913 /* DemoAnnounceViewController.h */,
				C42135F119AE36BA00462913 /* DemoAnnounceViewController.m */,
				C4095F1419AD0C820076CBC3 /* DemoClassViewController.h */,
				C4095F1519AD0C820076CBC3 /* DemoClassViewController.m */,
				C4075A6219B78EAF00EEF857 /* BouncingPencil.h */,
				C4075A6319B78EAF00EEF857 /* BouncingPencil.m */,
				C4C84BE219ADC696004AD63E /* DemoStudentViewController.h */,
				C4C84BE319ADC696004AD63E /* DemoStudentViewController.m */,
				C42135ED19AE363600462913 /* DemoStoreViewController.h */,
				C42135EE19AE363600462913 /* DemoStoreViewController.m */,
				C42135F619AE71FB00462913 /* DemoPieViewController.h */,
				C42135F719AE71FB00462913 /* DemoPieViewController.m */,
				C421360319AE85E100462913 /* DemoBuyItemsViewController.h */,
				C421360419AE85E100462913 /* DemoBuyItemsViewController.m */,
				C421361519AEDBC400462913 /* DemoMoreBroadViewController.h */,
				C421361619AEDBC400462913 /* DemoMoreBroadViewController.m */,
				C421361819AEEE4200462913 /* DemoEndViewController.h */,
				C421361919AEEE4200462913 /* DemoEndViewController.m */,
				C421361B19AF801A00462913 /* DemoAddStudentsViewController.h */,
				C421361C19AF801A00462913 /* DemoAddStudentsViewController.m */,
				C421362019B0259E00462913 /* DemoAccountViewController.h */,
				C421362119B0259E00462913 /* DemoAccountViewController.m */,
			);
			name = DemoClass;
			sourceTree = "<group>";
		};
		C4095F1719AD0CF70076CBC3 /* Tutorial */ = {
			isa = PBXGroup;
			children = (
				C4095F1B19AD13200076CBC3 /* IntroPageContentViewController.h */,
				C4095F1C19AD13200076CBC3 /* IntroPageContentViewController.m */,
				C4095F1819AD0D0F0076CBC3 /* TutorialViewController.h */,
				C4095F1919AD0D0F0076CBC3 /* TutorialViewController.m */,
			);
			name = Tutorial;
			sourceTree = "<group>";
		};
		C41AB8FF22EE89B40009C0E4 /* Launch */ = {
			isa = PBXGroup;
			children = (
			);
			path = Launch;
			sourceTree = "<group>";
		};
		C421360219AE804900462913 /* DemoModel */ = {
			isa = PBXGroup;
			children = (
				C4F53C9D19C1067100CB66CE /* DemoRateAppView.h */,
				C4F53C9E19C1067100CB66CE /* DemoRateAppView.m */,
				C4075A6819B9957300EEF857 /* DemoStudent+CheckProgress.h */,
				C4075A6919B9957300EEF857 /* DemoStudent+CheckProgress.m */,
				C4075A5F19B6D23700EEF857 /* DemoTeacher+CheckProgress.h */,
				C4075A6019B6D23700EEF857 /* DemoTeacher+CheckProgress.m */,
				C4095F2D19AD746F0076CBC3 /* DemoStudentObject+CreateClassList.h */,
				C4095F2E19AD746F0076CBC3 /* DemoStudentObject+CreateClassList.m */,
				C42135FF19AE803B00462913 /* DemoStoreObject+CreateStore.h */,
				C421360019AE803B00462913 /* DemoStoreObject+CreateStore.m */,
				C4095F3019AD74930076CBC3 /* DemoTeacherObject+CreateTeacher.h */,
				C4095F3119AD74930076CBC3 /* DemoTeacherObject+CreateTeacher.m */,
				C4095F3919AD756D0076CBC3 /* DemoClassObject+CreateClass.h */,
				C4095F3A19AD756D0076CBC3 /* DemoClassObject+CreateClass.m */,
				C4095F4E19AD795D0076CBC3 /* DemoEconomy+CreateEconomy.h */,
				C4095F4F19AD795D0076CBC3 /* DemoEconomy+CreateEconomy.m */,
				C421360F19AEB70600462913 /* DemoBroadcast+CreateBroadcast.h */,
				C421361019AEB70600462913 /* DemoBroadcast+CreateBroadcast.m */,
			);
			name = DemoModel;
			sourceTree = "<group>";
		};
		C42D3CA11C7BECFB005047F9 /* New Group */ = {
			isa = PBXGroup;
			children = (
				C45533F218F4A0BE00520B99 /* RegisterViewController.h */,
				C45533F318F4A0BE00520B99 /* RegisterViewController.m */,
				C45533C918F4A06500520B99 /* ClassRegViewController.h */,
				C45533CA18F4A06500520B99 /* ClassRegViewController.m */,
			);
			name = "New Group";
			sourceTree = "<group>";
		};
		C455335F18F49EBA00520B99 = {
			isa = PBXGroup;
			children = (
				C4F4AD9C1C4AC46700B0DDF9 /* Launch Screen.storyboard */,
				C4075A5C19B6CFBB00EEF857 /* DemoTeacher.h */,
				C4075A5D19B6CFBB00EEF857 /* DemoTeacher.m */,
				C4095F3619AD75590076CBC3 /* DemoClassObject.h */,
				C4095F3719AD75590076CBC3 /* DemoClassObject.m */,
				C49AD89B1935367B003A96EB /* PrimoData.xcdatamodeld */,
				C4E74542194FA4D000F880F2 /* User.h */,
				C4E74543194FA4D000F880F2 /* User.m */,
				C435F87A1948121A0021C365 /* StudentObject.h */,
				C4095F3F19AD76DC0076CBC3 /* DemoTeacherObject.h */,
				C4095F4019AD76DC0076CBC3 /* DemoTeacherObject.m */,
				C4075A6519B9954100EEF857 /* DemoStudent.h */,
				C4075A6619B9954100EEF857 /* DemoStudent.m */,
				C4095F2419AD53750076CBC3 /* DemoData.xcdatamodeld */,
				C4A8630C19B0F09E00C54632 /* DemoStoreObject.h */,
				C4A8630D19B0F09E00C54632 /* DemoStoreObject.m */,
				C421362319B02DD100462913 /* DemoStudentObject.h */,
				C421362419B02DD100462913 /* DemoStudentObject.m */,
				C421361219AEC72F00462913 /* DemoBroadcast.h */,
				C421361319AEC72F00462913 /* DemoBroadcast.m */,
				C42135F919AE734200462913 /* DemoEconomy.h */,
				C42135FA19AE734200462913 /* DemoEconomy.m */,
				C435F87B1948121A0021C365 /* StudentObject.m */,
				C47834DA193C15F2006228A2 /* ClassObject.h */,
				C47834DB193C15F3006228A2 /* ClassObject.m */,
				C47834D7193C15D2006228A2 /* TeacherObject.h */,
				C47834D8193C15D2006228A2 /* TeacherObject.m */,
				C4075A5519B6C87200EEF857 /* View */,
				C488F7981921CD2000DD0E9F /* Model */,
				C488F79C19249B4B00DD0E9F /* Web Service */,
				C455337118F49EBA00520B99 /* Primo */,
				C455339018F49EBA00520B99 /* PrimoTests */,
				C455336A18F49EBA00520B99 /* Frameworks */,
				C455336918F49EBA00520B99 /* Products */,
			);
			sourceTree = "<group>";
		};
		C455336918F49EBA00520B99 /* Products */ = {
			isa = PBXGroup;
			children = (
				C455336818F49EBA00520B99 /* LCEdu.app */,
				C455338918F49EBA00520B99 /* LCEduTests.xctest */,
			);
			name = Products;
			sourceTree = "<group>";
		};
		C455336A18F49EBA00520B99 /* Frameworks */ = {
			isa = PBXGroup;
			children = (
				C49AD899193535AD003A96EB /* CoreData.framework */,
				C488F79319213E6300DD0E9F /* MessageUI.framework */,
				C45533B018F49F6700520B99 /* SystemConfiguration.framework */,
				C45533AC18F49F5A00520B99 /* Security.framework */,
				C45533AA18F49F5400520B99 /* QuartzCore.framework */,
				C45533A818F49F4F00520B99 /* MobileCoreServices.framework */,
				C45533A618F49F4900520B99 /* libz.dylib */,
				C45533A418F49F4000520B99 /* CoreLocation.framework */,
				C45533A218F49F3200520B99 /* CFNetwork.framework */,
				C45533A018F49F2D00520B99 /* AudioToolbox.framework */,
				C455336B18F49EBA00520B99 /* Foundation.framework */,
				C455336D18F49EBA00520B99 /* CoreGraphics.framework */,
				C455336F18F49EBA00520B99 /* UIKit.framework */,
				C455338A18F49EBA00520B99 /* XCTest.framework */,
			);
			name = Frameworks;
			sourceTree = "<group>";
		};
		C455337118F49EBA00520B99 /* Primo */ = {
			isa = PBXGroup;
			children = (
				C41AB8FF22EE89B40009C0E4 /* Launch */,
				C4095F1719AD0CF70076CBC3 /* Tutorial */,
				C4095F1319AD0C660076CBC3 /* DemoClass */,
				C42D3CA11C7BECFB005047F9 /* New Group */,
				C45533BB18F4A04E00520B99 /* AccountViewController.h */,
				C45533BC18F4A04E00520B99 /* AccountViewController.m */,
				C468A4F6199B17BB009C9FB2 /* AddGroupViewController.h */,
				C468A4F7199B17BB009C9FB2 /* AddGroupViewController.m */,
				C435F8F9194B78B80021C365 /* AddStoreViewController.h */,
				C435F8FA194B78B80021C365 /* AddStoreViewController.m */,
				C45533BD18F4A04E00520B99 /* AddViewController.h */,
				C45533BE18F4A04E00520B99 /* AddViewController.m */,
				C4BF34B7191B548900919279 /* AnnouncementViewController.h */,
				C4BF34B8191B548A00919279 /* AnnouncementViewController.m */,
				C455337A18F49EBA00520B99 /* AppDelegate.h */,
				C455337B18F49EBA00520B99 /* AppDelegate.m */,
				C4D9E3E1192B2B3600695AD6 /* BroadcastMoreViewController.h */,
				C4D9E3E2192B2B3600695AD6 /* BroadcastMoreViewController.m */,
				C45533C118F4A06500520B99 /* BuyItemsViewController.h */,
				C45533C218F4A06500520B99 /* BuyItemsViewController.m */,
				C45533CB18F4A06500520B99 /* ClassTableViewController.h */,
				C45533CC18F4A06500520B99 /* ClassTableViewController.m */,
				C45533D118F4A06500520B99 /* EditStoreViewController.h */,
				C45533D218F4A06500520B99 /* EditStoreViewController.m */,
				C4E74539194F984300F880F2 /* HelpViewController.h */,
				C4E7453A194F984300F880F2 /* HelpViewController.m */,
				C455341218F4A42300520B99 /* Images.xcassets */,
				C45533DC18F4A07E00520B99 /* IntroViewController.h */,
				C45533DD18F4A07E00520B99 /* IntroViewController.m */,
				C4B7C2DD1901A34E0028F5C9 /* LaunchViewController.h */,
				C4B7C2DE1901A34E0028F5C9 /* LaunchViewController.m */,
				C45533E018F4A07E00520B99 /* LoginViewController.h */,
				C45533E118F4A07E00520B99 /* LoginViewController.m */,
				C45533F818F4A0BE00520B99 /* LogViewController.h */,
				C45533F918F4A0BE00520B99 /* LogViewController.m */,
				C455337D18F49EBA00520B99 /* Main.storyboard */,
				C4095F0D19A99C030076CBC3 /* PieChartViewController.h */,
				C4095F0E19A99C030076CBC3 /* PieChartViewController.m */,
				C41D5DF819A4508100189983 /* GroupMoreViewController.h */,
				C41D5DF919A4508100189983 /* GroupMoreViewController.m */,
				C45533EC18F4A0BE00520B99 /* MonthLogViewController.h */,
				C45533ED18F4A0BE00520B99 /* MonthLogViewController.m */,
				C45533EE18F4A0BE00520B99 /* moreViewController.h */,
				C45533EF18F4A0BE00520B99 /* moreViewController.m */,
				C455341418F4BB8900520B99 /* NavigationViewController.h */,
				C455341518F4BB8900520B99 /* NavigationViewController.m */,
				C4BF34BD191C1D7B00919279 /* PostAnnouncement.h */,
				C4BF34BE191C1D7B00919279 /* PostAnnouncement.m */,
				C4C00D381917FF0F007FA3F7 /* PrivacyAndTermsViewController.h */,
				C4C00D391917FF0F007FA3F7 /* PrivacyAndTermsViewController.m */,
				C4514C8B1911B62E00424D23 /* RestartCoinsViewController.h */,
				C4514C8C1911B62E00424D23 /* RestartCoinsViewController.m */,
				C45533F418F4A0BE00520B99 /* sampleViewController.h */,
				C49D4548193EAFD60098552A /* SettingsMoreViewController.h */,
				C49D4549193EAFD60098552A /* SettingsMoreViewController.m */,
				C45533F618F4A0BE00520B99 /* SettingsViewController.h */,
				C45533F718F4A0BE00520B99 /* SettingsViewController.m */,
				C40A5E65195B457000ABB85A /* StudentGroupViewController.h */,
				C40A5E66195B457000ABB85A /* StudentGroupViewController.m */,
				C45533FE18F4A0BE00520B99 /* StudentsViewController.h */,
				C45533FF18F4A0BE00520B99 /* StudentsViewController.m */,
				C455337218F49EBA00520B99 /* Supporting Files */,
				C468245718F4D5CB00F48F03 /* TabViewController.h */,
				C468245818F4D5CB00F48F03 /* TabViewController.m */,
				C45533E818F4A0BE00520B99 /* TeacherInfoViewController.h */,
				C45533E918F4A0BE00520B99 /* TeacherInfoViewController.m */,
				C455340C18F4A0D500520B99 /* TeacherStoreViewController.h */,
				C455340D18F4A0D500520B99 /* TeacherStoreViewController.m */,
				C4A8630F19B11C9E00C54632 /* StartViewController.h */,
				C4A8631019B11C9E00C54632 /* StartViewController.m */,
			);
			path = Primo;
			sourceTree = "<group>";
		};
		C455337218F49EBA00520B99 /* Supporting Files */ = {
			isa = PBXGroup;
			children = (
				C4514C86190C5C1B00424D23 /* Sketch College.ttf */,
				C455337318F49EBA00520B99 /* LCEdu.temp_caseinsensitive_rename-Info.plist */,
				C421361E19AFA68A00462913 /* TravelingTypewriter.ttf */,
				C4095F0B19A99A760076CBC3 /* EraserRegular.ttf */,
				C455337418F49EBA00520B99 /* InfoPlist.strings */,
				C455337718F49EBA00520B99 /* main.m */,
				C455337918F49EBA00520B99 /* LCEdu.temp_caseinsensitive_rename-Prefix.pch */,
			);
			name = "Supporting Files";
			sourceTree = "<group>";
		};
		C455339018F49EBA00520B99 /* PrimoTests */ = {
			isa = PBXGroup;
			children = (
				C455339618F49EBA00520B99 /* PrimoTests.m */,
				C455339118F49EBA00520B99 /* Supporting Files */,
			);
			path = PrimoTests;
			sourceTree = "<group>";
		};
		C455339118F49EBA00520B99 /* Supporting Files */ = {
			isa = PBXGroup;
			children = (
				C455339218F49EBA00520B99 /* LCEdu.temp_caseinsensitive_renameTests-Info.plist */,
				C455339318F49EBA00520B99 /* InfoPlist.strings */,
			);
			name = "Supporting Files";
			sourceTree = "<group>";
		};
		C488F7981921CD2000DD0E9F /* Model */ = {
			isa = PBXGroup;
			children = (
				C421360219AE804900462913 /* DemoModel */,
				C440C9341936A4AA00C95FAA /* TeacherObject+CreateTeacher.h */,
				C42D3C9E1C7BDC53005047F9 /* MyUser.h */,
				C42D3C9F1C7BDC53005047F9 /* MyUser.m */,
				C440C9351936A4AA00C95FAA /* TeacherObject+CreateTeacher.m */,
				C4095F1019A99FAC0076CBC3 /* XYPieChart.h */,
				C4095F1119A99FAC0076CBC3 /* XYPieChart.m */,
				C49AD98519367C4C003A96EB /* StudentObject+CreateClassList.h */,
				C49AD98619367C4C003A96EB /* StudentObject+CreateClassList.m */,
				C440C93119369FC300C95FAA /* ClassObject+CreateClass.h */,
				C440C93219369FC300C95FAA /* ClassObject+CreateClass.m */,
				C45533CD18F4A06500520B99 /* Reachability.h */,
				C45533CE18F4A06500520B99 /* Reachability.m */,
				C435F87D1949475D0021C365 /* Reachability+Methods.h */,
				C435F87E1949475D0021C365 /* Reachability+Methods.m */,
				C4514C8819116C2300424D23 /* UIImage+ImageEffects.h */,
				C4514C8919116C2300424D23 /* UIImage+ImageEffects.m */,
				C4C2D171192FF61500F804CD /* StoreObject.h */,
				C4C2D172192FF61500F804CD /* StoreObject.m */,
				C488F7951921C96900DD0E9F /* AnnouncementObject.h */,
				C488F7961921C96900DD0E9F /* AnnouncementObject.m */,
				C4E74612194FF54C00F880F2 /* UserObject.h */,
				C4E74613194FF54C00F880F2 /* UserObject.m */,
			);
			name = Model;
			sourceTree = "<group>";
		};
		C488F79C19249B4B00DD0E9F /* Web Service */ = {
			isa = PBXGroup;
			children = (
				C47834C81939552C006228A2 /* LogWebService.h */,
				C47834C91939552C006228A2 /* LogWebService.m */,
				C4C2D174192FFCF600F804CD /* InsertWebService.h */,
				C4C2D175192FFCF600F804CD /* InsertWebService.m */,
				C48FC1091937F937000175AD /* UpdateWebService.h */,
				C48FC10A1937F937000175AD /* UpdateWebService.m */,
				C4095F0619A92A2B0076CBC3 /* Economy.h */,
				C4095F0719A92A2B0076CBC3 /* Economy.m */,
				C4C2D16E192FE74A00F804CD /* QueryWebService.h */,
				C4C2D16F192FE74A00F804CD /* QueryWebService.m */,
				C4F261F8193282EC00A5794C /* DeleteWebService.h */,
				C4F261F9193282EC00A5794C /* DeleteWebService.m */,
				C4C2D16B192D4E2000F804CD /* PushWebService.h */,
				C4C2D16C192D4E2000F804CD /* PushWebService.m */,
			);
			name = "Web Service";
			sourceTree = "<group>";
		};
/* End PBXGroup section */

/* Begin PBXNativeTarget section */
		C455336718F49EBA00520B99 /* LCEdu */ = {
			isa = PBXNativeTarget;
			buildConfigurationList = C455339A18F49EBA00520B99 /* Build configuration list for PBXNativeTarget "LCEdu" */;
			buildPhases = (
				C455336418F49EBA00520B99 /* Sources */,
				C455336518F49EBA00520B99 /* Frameworks */,
				C455336618F49EBA00520B99 /* Resources */,
			);
			buildRules = (
			);
			dependencies = (
			);
			name = LCEdu;
			productName = Primo;
			productReference = C455336818F49EBA00520B99 /* LCEdu.app */;
			productType = "com.apple.product-type.application";
		};
		C455338818F49EBA00520B99 /* LCEduTests */ = {
			isa = PBXNativeTarget;
			buildConfigurationList = C455339D18F49EBA00520B99 /* Build configuration list for PBXNativeTarget "LCEduTests" */;
			buildPhases = (
				C455338518F49EBA00520B99 /* Sources */,
				C455338618F49EBA00520B99 /* Frameworks */,
				C455338718F49EBA00520B99 /* Resources */,
			);
			buildRules = (
			);
			dependencies = (
				C455338F18F49EBA00520B99 /* PBXTargetDependency */,
			);
			name = LCEduTests;
			productName = PrimoTests;
			productReference = C455338918F49EBA00520B99 /* LCEduTests.xctest */;
			productType = "com.apple.product-type.bundle.unit-test";
		};
/* End PBXNativeTarget section */

/* Begin PBXProject section */
		C455336018F49EBA00520B99 /* Project object */ = {
			isa = PBXProject;
			attributes = {
				LastUpgradeCheck = 0820;
				ORGANIZATIONNAME = LanellClaire;
				TargetAttributes = {
					C455336718F49EBA00520B99 = {
						DevelopmentTeam = ZVWUW3VP7A;
						SystemCapabilities = {
							com.apple.InAppPurchase = {
								enabled = 0;
							};
							com.apple.Push = {
								enabled = 1;
							};
						};
					};
					C455338818F49EBA00520B99 = {
						TestTargetID = C455336718F49EBA00520B99;
					};
				};
			};
			buildConfigurationList = C455336318F49EBA00520B99 /* Build configuration list for PBXProject "LCEdu" */;
			compatibilityVersion = "Xcode 3.2";
			developmentRegion = English;
			hasScannedForEncodings = 0;
			knownRegions = (
				English,
				en,
				Base,
			);
			mainGroup = C455335F18F49EBA00520B99;
			productRefGroup = C455336918F49EBA00520B99 /* Products */;
			projectDirPath = "";
			projectRoot = "";
			targets = (
				C455336718F49EBA00520B99 /* LCEdu */,
				C455338818F49EBA00520B99 /* LCEduTests */,
			);
		};
/* End PBXProject section */

/* Begin PBXResourcesBuildPhase section */
		C455336618F49EBA00520B99 /* Resources */ = {
			isa = PBXResourcesBuildPhase;
			buildActionMask = 2147483647;
			files = (
				C4C2D167192BC8C300F804CD /* Main.storyboard in Resources */,
				C4095F0C19A99A760076CBC3 /* EraserRegular.ttf in Resources */,
				C4F4AD9D1C4AC46700B0DDF9 /* Launch Screen.storyboard in Resources */,
				C455341318F4A42300520B99 /* Images.xcassets in Resources */,
				C421361F19AFA68A00462913 /* TravelingTypewriter.ttf in Resources */,
				C455337618F49EBA00520B99 /* InfoPlist.strings in Resources */,
				C4514C87190C5C1B00424D23 /* Sketch College.ttf in Resources */,
			);
			runOnlyForDeploymentPostprocessing = 0;
		};
		C455338718F49EBA00520B99 /* Resources */ = {
			isa = PBXResourcesBuildPhase;
			buildActionMask = 2147483647;
			files = (
				C455339518F49EBA00520B99 /* InfoPlist.strings in Resources */,
			);
			runOnlyForDeploymentPostprocessing = 0;
		};
/* End PBXResourcesBuildPhase section */

/* Begin PBXSourcesBuildPhase section */
		C455336418F49EBA00520B99 /* Sources */ = {
			isa = PBXSourcesBuildPhase;
			buildActionMask = 2147483647;
			files = (
				C40A5E67195B457000ABB85A /* StudentGroupViewController.m in Sources */,
				C4C2D173192FF61500F804CD /* StoreObject.m in Sources */,
				C42135EF19AE363600462913 /* DemoStoreViewController.m in Sources */,
				C49D454A193EAFD60098552A /* SettingsMoreViewController.m in Sources */,
				C47834DC193C15F3006228A2 /* ClassObject.m in Sources */,
				C421361A19AEEE4200462913 /* DemoEndViewController.m in Sources */,
				C488F7971921C96900DD0E9F /* AnnouncementObject.m in Sources */,
				C4C2D170192FE74A00F804CD /* QueryWebService.m in Sources */,
				C42135FB19AE734200462913 /* DemoEconomy.m in Sources */,
				C4095F1A19AD0D0F0076CBC3 /* TutorialViewController.m in Sources */,
				C455341618F4BB8900520B99 /* NavigationViewController.m in Sources */,
				C45533D318F4A06500520B99 /* BuyItemsViewController.m in Sources */,
				C455340118F4A0BE00520B99 /* manageCoinView.m in Sources */,
				C4E74544194FA4D000F880F2 /* User.m in Sources */,
				C468245918F4D5CB00F48F03 /* TabViewController.m in Sources */,
				C435F87C1948121A0021C365 /* StudentObject.m in Sources */,
				C455340718F4A0BE00520B99 /* SettingsViewController.m in Sources */,
				C4BF34B9191B548A00919279 /* AnnouncementViewController.m in Sources */,
				C42135F219AE36BA00462913 /* DemoAnnounceViewController.m in Sources */,
				C4D9E3E3192B2B3600695AD6 /* BroadcastMoreViewController.m in Sources */,
				C440C93319369FC300C95FAA /* ClassObject+CreateClass.m in Sources */,
				C421361D19AF801A00462913 /* DemoAddStudentsViewController.m in Sources */,
				C4F53C9F19C1067100CB66CE /* DemoRateAppView.m in Sources */,
				C440C9361936A4AA00C95FAA /* TeacherObject+CreateTeacher.m in Sources */,
				C421361719AEDBC400462913 /* DemoMoreBroadViewController.m in Sources */,
				C421360819AE960000462913 /* DemoAddStoreViewController.m in Sources */,
				C45533D418F4A06500520B99 /* BuyStudentView.m in Sources */,
				C47834CA1939552C006228A2 /* LogWebService.m in Sources */,
				C421361119AEB70600462913 /* DemoBroadcast+CreateBroadcast.m in Sources */,
				C48FC10B1937F937000175AD /* UpdateWebService.m in Sources */,
				C455340818F4A0BE00520B99 /* LogViewController.m in Sources */,
				C49AD89D1935367B003A96EB /* PrimoData.xcdatamodeld in Sources */,
				C4075A6119B6D23700EEF857 /* DemoTeacher+CheckProgress.m in Sources */,
				C455337C18F49EBA00520B99 /* AppDelegate.m in Sources */,
				C455340218F4A0BE00520B99 /* MonthLogViewController.m in Sources */,
				C4C84BE419ADC696004AD63E /* DemoStudentViewController.m in Sources */,
				C455340E18F4A0D500520B99 /* TeacherStoreViewController.m in Sources */,
				C4C2D16D192D4E2000F804CD /* PushWebService.m in Sources */,
				C47834D9193C15D2006228A2 /* TeacherObject.m in Sources */,
				C41D5DFA19A4508100189983 /* GroupMoreViewController.m in Sources */,
				C45533D918F4A06500520B99 /* Reachability.m in Sources */,
				C4095F5019AD795D0076CBC3 /* DemoEconomy+CreateEconomy.m in Sources */,
				C4095F1619AD0C820076CBC3 /* DemoClassViewController.m in Sources */,
				C42135F819AE71FB00462913 /* DemoPieViewController.m in Sources */,
				C45533D718F4A06500520B99 /* ClassRegViewController.m in Sources */,
				C455340318F4A0BE00520B99 /* moreViewController.m in Sources */,
				C4514C8A19116C2300424D23 /* UIImage+ImageEffects.m in Sources */,
				C4095F1219A99FAC0076CBC3 /* XYPieChart.m in Sources */,
				C4075A6719B9954100EEF857 /* DemoStudent.m in Sources */,
				C4C00D3A1917FF0F007FA3F7 /* PrivacyAndTermsViewController.m in Sources */,
				C4095F3219AD74930076CBC3 /* DemoTeacherObject+CreateTeacher.m in Sources */,
				C455340518F4A0BE00520B99 /* RegisterViewController.m in Sources */,
				C455341118F4A0FE00520B99 /* MenuTable.m in Sources */,
				C4095F4119AD76DC0076CBC3 /* DemoTeacherObject.m in Sources */,
				C4514C8D1911B62E00424D23 /* RestartCoinsViewController.m in Sources */,
				C45533D818F4A06500520B99 /* ClassTableViewController.m in Sources */,
				C45533E418F4A07E00520B99 /* LoginViewController.m in Sources */,
				C4E74614194FF54C00F880F2 /* UserObject.m in Sources */,
				C4A8631119B11C9E00C54632 /* StartViewController.m in Sources */,
				C4A8630E19B0F09E00C54632 /* DemoStoreObject.m in Sources */,
				C45533DB18F4A06500520B99 /* EditStoreViewController.m in Sources */,
				C4F261FA193282EC00A5794C /* DeleteWebService.m in Sources */,
				C45533BF18F4A04E00520B99 /* AccountViewController.m in Sources */,
				C421362519B02DD100462913 /* DemoStudentObject.m in Sources */,
				C4075A6419B78EAF00EEF857 /* BouncingPencil.m in Sources */,
				C4095F2619AD53750076CBC3 /* DemoData.xcdatamodeld in Sources */,
				C45533D618F4A06500520B99 /* ClassNameView.m in Sources */,
				C468A4F8199B17BB009C9FB2 /* AddGroupViewController.m in Sources */,
				C421360519AE85E100462913 /* DemoBuyItemsViewController.m in Sources */,
				C4C2D176192FFCF600F804CD /* InsertWebService.m in Sources */,
				C4095F3819AD75590076CBC3 /* DemoClassObject.m in Sources */,
				C4075A6A19B9957300EEF857 /* DemoStudent+CheckProgress.m in Sources */,
				C435F87F1949475D0021C365 /* Reachability+Methods.m in Sources */,
				C4095F0F19A99C030076CBC3 /* PieChartViewController.m in Sources */,
				C421361419AEC72F00462913 /* DemoBroadcast.m in Sources */,
				C4BF34BF191C1D7B00919279 /* PostAnnouncement.m in Sources */,
				C45533C018F4A04E00520B99 /* AddViewController.m in Sources */,
				C4E7453B194F984300F880F2 /* HelpViewController.m in Sources */,
				C455340018F4A0BE00520B99 /* TeacherInfoViewController.m in Sources */,
				C49AD98719367C4C003A96EB /* StudentObject+CreateClassList.m in Sources */,
				C455337818F49EBA00520B99 /* main.m in Sources */,
				C435F8FB194B78B80021C365 /* AddStoreViewController.m in Sources */,
				C4095F3B19AD756D0076CBC3 /* DemoClassObject+CreateClass.m in Sources */,
				C4095F1D19AD13200076CBC3 /* IntroPageContentViewController.m in Sources */,
				C42D3CA01C7BDC53005047F9 /* MyUser.m in Sources */,
				C455340B18F4A0BE00520B99 /* StudentsViewController.m in Sources */,
				C4095F0819A92A2B0076CBC3 /* Economy.m in Sources */,
				C45533D518F4A06500520B99 /* ClassMenuView.m in Sources */,
				C421360119AE803B00462913 /* DemoStoreObject+CreateStore.m in Sources */,
				C421362219B0259E00462913 /* DemoAccountViewController.m in Sources */,
				C4095F2F19AD746F0076CBC3 /* DemoStudentObject+CreateClassList.m in Sources */,
				C4075A5E19B6CFBB00EEF857 /* DemoTeacher.m in Sources */,
				C45533E218F4A07E00520B99 /* IntroViewController.m in Sources */,
				C4B7C2DF1901A34E0028F5C9 /* LaunchViewController.m in Sources */,
			);
			runOnlyForDeploymentPostprocessing = 0;
		};
		C455338518F49EBA00520B99 /* Sources */ = {
			isa = PBXSourcesBuildPhase;
			buildActionMask = 2147483647;
			files = (
				C455339718F49EBA00520B99 /* PrimoTests.m in Sources */,
			);
			runOnlyForDeploymentPostprocessing = 0;
		};
/* End PBXSourcesBuildPhase section */

/* Begin PBXTargetDependency section */
		C455338F18F49EBA00520B99 /* PBXTargetDependency */ = {
			isa = PBXTargetDependency;
			target = C455336718F49EBA00520B99 /* LCEdu */;
			targetProxy = C455338E18F49EBA00520B99 /* PBXContainerItemProxy */;
		};
/* End PBXTargetDependency section */

/* Begin PBXVariantGroup section */
		C455337418F49EBA00520B99 /* InfoPlist.strings */ = {
			isa = PBXVariantGroup;
			children = (
				C455337518F49EBA00520B99 /* en */,
			);
			name = InfoPlist.strings;
			sourceTree = "<group>";
		};
		C455337D18F49EBA00520B99 /* Main.storyboard */ = {
			isa = PBXVariantGroup;
			children = (
				C455337E18F49EBA00520B99 /* Base */,
			);
			name = Main.storyboard;
			sourceTree = "<group>";
		};
		C455339318F49EBA00520B99 /* InfoPlist.strings */ = {
			isa = PBXVariantGroup;
			children = (
				C455339418F49EBA00520B99 /* en */,
			);
			name = InfoPlist.strings;
			sourceTree = "<group>";
		};
/* End PBXVariantGroup section */

/* Begin XCBuildConfiguration section */
		C455339818F49EBA00520B99 /* Debug */ = {
			isa = XCBuildConfiguration;
			buildSettings = {
				ALWAYS_SEARCH_USER_PATHS = NO;
				CLANG_CXX_LANGUAGE_STANDARD = "gnu++0x";
				CLANG_CXX_LIBRARY = "libc++";
				CLANG_ENABLE_MODULES = YES;
				CLANG_ENABLE_OBJC_ARC = YES;
				CLANG_WARN_BOOL_CONVERSION = YES;
				CLANG_WARN_CONSTANT_CONVERSION = YES;
				CLANG_WARN_DIRECT_OBJC_ISA_USAGE = YES_ERROR;
				CLANG_WARN_EMPTY_BODY = YES;
				CLANG_WARN_ENUM_CONVERSION = YES;
				CLANG_WARN_INFINITE_RECURSION = YES;
				CLANG_WARN_INT_CONVERSION = YES;
				CLANG_WARN_OBJC_ROOT_CLASS = YES_ERROR;
				CLANG_WARN_SUSPICIOUS_MOVE = YES;
				CLANG_WARN_UNREACHABLE_CODE = YES;
				CLANG_WARN__DUPLICATE_METHOD_MATCH = YES;
				"CODE_SIGN_IDENTITY[sdk=iphoneos*]" = "iPhone Developer";
				COPY_PHASE_STRIP = NO;
				ENABLE_STRICT_OBJC_MSGSEND = YES;
				ENABLE_TESTABILITY = YES;
				GCC_C_LANGUAGE_STANDARD = gnu99;
				GCC_DYNAMIC_NO_PIC = NO;
				GCC_NO_COMMON_BLOCKS = YES;
				GCC_OPTIMIZATION_LEVEL = 0;
				GCC_PREPROCESSOR_DEFINITIONS = (
					"DEBUG=1",
					"$(inherited)",
				);
				GCC_SYMBOLS_PRIVATE_EXTERN = NO;
				GCC_WARN_64_TO_32_BIT_CONVERSION = YES;
				GCC_WARN_ABOUT_RETURN_TYPE = YES_ERROR;
				GCC_WARN_UNDECLARED_SELECTOR = YES;
				GCC_WARN_UNINITIALIZED_AUTOS = YES_AGGRESSIVE;
				GCC_WARN_UNUSED_FUNCTION = YES;
				GCC_WARN_UNUSED_VARIABLE = YES;
				IPHONEOS_DEPLOYMENT_TARGET = 8.0;
				ONLY_ACTIVE_ARCH = YES;
				SDKROOT = iphoneos;
			};
			name = Debug;
		};
		C455339918F49EBA00520B99 /* Release */ = {
			isa = XCBuildConfiguration;
			buildSettings = {
				ALWAYS_SEARCH_USER_PATHS = NO;
				CLANG_CXX_LANGUAGE_STANDARD = "gnu++0x";
				CLANG_CXX_LIBRARY = "libc++";
				CLANG_ENABLE_MODULES = YES;
				CLANG_ENABLE_OBJC_ARC = YES;
				CLANG_WARN_BOOL_CONVERSION = YES;
				CLANG_WARN_CONSTANT_CONVERSION = YES;
				CLANG_WARN_DIRECT_OBJC_ISA_USAGE = YES_ERROR;
				CLANG_WARN_EMPTY_BODY = YES;
				CLANG_WARN_ENUM_CONVERSION = YES;
				CLANG_WARN_INFINITE_RECURSION = YES;
				CLANG_WARN_INT_CONVERSION = YES;
				CLANG_WARN_OBJC_ROOT_CLASS = YES_ERROR;
				CLANG_WARN_SUSPICIOUS_MOVE = YES;
				CLANG_WARN_UNREACHABLE_CODE = YES;
				CLANG_WARN__DUPLICATE_METHOD_MATCH = YES;
				"CODE_SIGN_IDENTITY[sdk=iphoneos*]" = "iPhone Developer";
				COPY_PHASE_STRIP = YES;
				ENABLE_NS_ASSERTIONS = NO;
				ENABLE_STRICT_OBJC_MSGSEND = YES;
				GCC_C_LANGUAGE_STANDARD = gnu99;
				GCC_NO_COMMON_BLOCKS = YES;
				GCC_WARN_64_TO_32_BIT_CONVERSION = YES;
				GCC_WARN_ABOUT_RETURN_TYPE = YES_ERROR;
				GCC_WARN_UNDECLARED_SELECTOR = YES;
				GCC_WARN_UNINITIALIZED_AUTOS = YES_AGGRESSIVE;
				GCC_WARN_UNUSED_FUNCTION = YES;
				GCC_WARN_UNUSED_VARIABLE = YES;
				IPHONEOS_DEPLOYMENT_TARGET = 8.0;
				SDKROOT = iphoneos;
				VALIDATE_PRODUCT = YES;
			};
			name = Release;
		};
		C455339B18F49EBA00520B99 /* Debug */ = {
			isa = XCBuildConfiguration;
			buildSettings = {
				ASSETCATALOG_COMPILER_APPICON_NAME = AppIcon;
				CODE_SIGN_IDENTITY = "iPhone Developer";
				"CODE_SIGN_IDENTITY[sdk=iphoneos*]" = "iPhone Developer";
				DEVELOPMENT_TEAM = ZVWUW3VP7A;
				FRAMEWORK_SEARCH_PATHS = (
					"$(inherited)",
					"$(PROJECT_DIR)",
				);
				GCC_PRECOMPILE_PREFIX_HEADER = YES;
				GCC_PREFIX_HEADER = "Primo/LCEdu.temp_caseinsensitive_rename-Prefix.pch";
				INFOPLIST_FILE = "Primo/LCEdu.temp_caseinsensitive_rename-Info.plist";
				IPHONEOS_DEPLOYMENT_TARGET = 8.0;
				PRODUCT_BUNDLE_IDENTIFIER = com.pixelandprocessor.LCEdu;
				PRODUCT_NAME = "$(TARGET_NAME)";
				PROVISIONING_PROFILE = "";
				TARGETED_DEVICE_FAMILY = "1,2";
				WRAPPER_EXTENSION = app;
			};
			name = Debug;
		};
		C455339C18F49EBA00520B99 /* Release */ = {
			isa = XCBuildConfiguration;
			buildSettings = {
				ASSETCATALOG_COMPILER_APPICON_NAME = AppIcon;
				CODE_SIGN_IDENTITY = "iPhone Developer";
				"CODE_SIGN_IDENTITY[sdk=iphoneos*]" = "iPhone Developer";
				DEVELOPMENT_TEAM = ZVWUW3VP7A;
				FRAMEWORK_SEARCH_PATHS = (
					"$(inherited)",
					"$(PROJECT_DIR)",
				);
				GCC_PRECOMPILE_PREFIX_HEADER = YES;
				GCC_PREFIX_HEADER = "Primo/LCEdu.temp_caseinsensitive_rename-Prefix.pch";
				INFOPLIST_FILE = "Primo/LCEdu.temp_caseinsensitive_rename-Info.plist";
				IPHONEOS_DEPLOYMENT_TARGET = 8.0;
				PRODUCT_BUNDLE_IDENTIFIER = com.pixelandprocessor.LCEdu;
				PRODUCT_NAME = "$(TARGET_NAME)";
				PROVISIONING_PROFILE = "";
				TARGETED_DEVICE_FAMILY = "1,2";
				WRAPPER_EXTENSION = app;
			};
			name = Release;
		};
		C455339E18F49EBA00520B99 /* Debug */ = {
			isa = XCBuildConfiguration;
			buildSettings = {
				BUNDLE_LOADER = "$(BUILT_PRODUCTS_DIR)/Primo.app/Primo";
				FRAMEWORK_SEARCH_PATHS = (
					"$(SDKROOT)/Developer/Library/Frameworks",
					"$(inherited)",
					"$(DEVELOPER_FRAMEWORKS_DIR)",
				);
				GCC_PRECOMPILE_PREFIX_HEADER = YES;
				GCC_PREFIX_HEADER = "Primo/Primo-Prefix.pch";
				GCC_PREPROCESSOR_DEFINITIONS = (
					"DEBUG=1",
					"$(inherited)",
				);
				INFOPLIST_FILE = "PrimoTests/LCEdu.temp_caseinsensitive_renameTests-Info.plist";
				PRODUCT_BUNDLE_IDENTIFIER = "com.pixelandprocessor.${PRODUCT_NAME:rfc1034identifier}";
				PRODUCT_NAME = "$(TARGET_NAME)";
				TEST_HOST = "$(BUNDLE_LOADER)";
				WRAPPER_EXTENSION = xctest;
			};
			name = Debug;
		};
		C455339F18F49EBA00520B99 /* Release */ = {
			isa = XCBuildConfiguration;
			buildSettings = {
				BUNDLE_LOADER = "$(BUILT_PRODUCTS_DIR)/Primo.app/Primo";
				FRAMEWORK_SEARCH_PATHS = (
					"$(SDKROOT)/Developer/Library/Frameworks",
					"$(inherited)",
					"$(DEVELOPER_FRAMEWORKS_DIR)",
				);
				GCC_PRECOMPILE_PREFIX_HEADER = YES;
				GCC_PREFIX_HEADER = "Primo/Primo-Prefix.pch";
				INFOPLIST_FILE = "PrimoTests/LCEdu.temp_caseinsensitive_renameTests-Info.plist";
				PRODUCT_BUNDLE_IDENTIFIER = "com.pixelandprocessor.${PRODUCT_NAME:rfc1034identifier}";
				PRODUCT_NAME = "$(TARGET_NAME)";
				TEST_HOST = "$(BUNDLE_LOADER)";
				WRAPPER_EXTENSION = xctest;
			};
			name = Release;
		};
/* End XCBuildConfiguration section */

/* Begin XCConfigurationList section */
		C455336318F49EBA00520B99 /* Build configuration list for PBXProject "LCEdu" */ = {
			isa = XCConfigurationList;
			buildConfigurations = (
				C455339818F49EBA00520B99 /* Debug */,
				C455339918F49EBA00520B99 /* Release */,
			);
			defaultConfigurationIsVisible = 0;
			defaultConfigurationName = Release;
		};
		C455339A18F49EBA00520B99 /* Build configuration list for PBXNativeTarget "LCEdu" */ = {
			isa = XCConfigurationList;
			buildConfigurations = (
				C455339B18F49EBA00520B99 /* Debug */,
				C455339C18F49EBA00520B99 /* Release */,
			);
			defaultConfigurationIsVisible = 0;
			defaultConfigurationName = Release;
		};
		C455339D18F49EBA00520B99 /* Build configuration list for PBXNativeTarget "LCEduTests" */ = {
			isa = XCConfigurationList;
			buildConfigurations = (
				C455339E18F49EBA00520B99 /* Debug */,
				C455339F18F49EBA00520B99 /* Release */,
			);
			defaultConfigurationIsVisible = 0;
			defaultConfigurationName = Release;
		};
/* End XCConfigurationList section */

/* Begin XCVersionGroup section */
		C4095F2419AD53750076CBC3 /* DemoData.xcdatamodeld */ = {
			isa = XCVersionGroup;
			children = (
				C4095F2519AD53750076CBC3 /* DemoData.xcdatamodel */,
			);
			currentVersion = C4095F2519AD53750076CBC3 /* DemoData.xcdatamodel */;
			path = DemoData.xcdatamodeld;
			sourceTree = "<group>";
			versionGroupType = wrapper.xcdatamodel;
		};
		C49AD89B1935367B003A96EB /* PrimoData.xcdatamodeld */ = {
			isa = XCVersionGroup;
			children = (
				C49AD89C1935367B003A96EB /* PrimoData.xcdatamodel */,
			);
			currentVersion = C49AD89C1935367B003A96EB /* PrimoData.xcdatamodel */;
			path = PrimoData.xcdatamodeld;
			sourceTree = "<group>";
			versionGroupType = wrapper.xcdatamodel;
		};
/* End XCVersionGroup section */
	};
	rootObject = C455336018F49EBA00520B99 /* Project object */;
}
